{
  "version": 4,
  "terraform_version": "1.13.3",
  "serial": 375,
  "lineage": "73ae3b97-ace0-d2e7-d67d-bf6e92f3e6b1",
  "outputs": {},
  "resources": [
    {
      "mode": "data",
      "type": "aws_caller_identity",
      "name": "current",
      "provider": "provider[\"registry.terraform.io/hashicorp/aws\"]",
      "instances": [
        {
          "schema_version": 0,
          "attributes": {
            "account_id": "710563351963",
            "arn": "arn:aws:sts::710563351963:assumed-role/voclabs/user4337969=pcurti@itba.edu.ar",
            "id": "710563351963",
            "user_id": "AROA2K4HAJWNZZEVEUKMH:user4337969=pcurti@itba.edu.ar"
          },
          "sensitive_attributes": [],
          "identity_schema_version": 0
        }
      ]
    },
    {
      "mode": "data",
      "type": "aws_iam_role",
      "name": "academy_role",
      "provider": "provider[\"registry.terraform.io/hashicorp/aws\"]",
      "instances": [
        {
          "schema_version": 0,
          "attributes": {
            "arn": "arn:aws:iam::710563351963:role/LabRole",
            "assume_role_policy": "{\"Version\":\"2012-10-17\",\"Statement\":[{\"Effect\":\"Allow\",\"Principal\":{\"AWS\":\"arn:aws:iam::710563351963:role/LabRole\",\"Service\":[\"iotevents.amazonaws.com\",\"ecs-tasks.amazonaws.com\",\"elasticfilesystem.amazonaws.com\",\"rekognition.amazonaws.com\",\"codecommit.amazonaws.com\",\"logs.amazonaws.com\",\"credentials.iot.amazonaws.com\",\"dynamodb.amazonaws.com\",\"cloudtrail.amazonaws.com\",\"iot.amazonaws.com\",\"lambda.amazonaws.com\",\"ec2.amazonaws.com\",\"glue.amazonaws.com\",\"rds.amazonaws.com\",\"codewhisperer.amazonaws.com\",\"servicecatalog.amazonaws.com\",\"backup.amazonaws.com\",\"pipes.amazonaws.com\",\"events.amazonaws.com\",\"elasticbeanstalk.amazonaws.com\",\"cloud9.amazonaws.com\",\"states.amazonaws.com\",\"batch.amazonaws.com\",\"resource-groups.amazonaws.com\",\"scheduler.amazonaws.com\",\"ec2.application-autoscaling.amazonaws.com\",\"eks-fargate-pods.amazonaws.com\",\"autoscaling.amazonaws.com\",\"kms.amazonaws.com\",\"sagemaker.amazonaws.com\",\"apigateway.amazonaws.com\",\"ssm.amazonaws.com\",\"firehose.amazonaws.com\",\"cognito-idp.amazonaws.com\",\"deepracer.amazonaws.com\",\"forecast.amazonaws.com\",\"kinesisanalytics.amazonaws.com\",\"athena.amazonaws.com\",\"elasticmapreduce.amazonaws.com\",\"sqs.amazonaws.com\",\"secretsmanager.amazonaws.com\",\"kinesis.amazonaws.com\",\"codedeploy.amazonaws.com\",\"databrew.amazonaws.com\",\"eks.amazonaws.com\",\"sns.amazonaws.com\",\"s3.amazonaws.com\",\"iotanalytics.amazonaws.com\",\"cloudformation.amazonaws.com\",\"application-autoscaling.amazonaws.com\",\"redshift.amazonaws.com\",\"elasticloadbalancing.amazonaws.com\",\"ecs.amazonaws.com\"]},\"Action\":\"sts:AssumeRole\"}]}",
            "create_date": "2025-10-22T13:11:42Z",
            "description": "",
            "id": "LabRole",
            "max_session_duration": 3600,
            "name": "LabRole",
            "path": "/",
            "permissions_boundary": "",
            "role_last_used": [
              {
                "last_used_date": "2025-10-23T02:48:42Z",
                "region": "us-east-1"
              }
            ],
            "tags": {
              "cloudlab": "c173416a4491717l11364325t1w710563351963"
            },
            "unique_id": "AROA2K4HAJWNZVXUVOFEF"
          },
          "sensitive_attributes": [],
          "identity_schema_version": 0
        }
      ]
    },
    {
      "mode": "data",
      "type": "aws_region",
      "name": "current",
      "provider": "provider[\"registry.terraform.io/hashicorp/aws\"]",
      "instances": [
        {
          "schema_version": 0,
          "attributes": {
            "description": "US East (N. Virginia)",
            "endpoint": "ec2.us-east-1.amazonaws.com",
            "id": "us-east-1",
            "name": "us-east-1",
            "region": "us-east-1"
          },
          "sensitive_attributes": [],
          "identity_schema_version": 0
        }
      ]
    },
    {
      "mode": "managed",
      "type": "aws_apigatewayv2_integration",
      "name": "auth_callback",
      "provider": "provider[\"registry.terraform.io/hashicorp/aws\"]",
      "instances": [
        {
          "schema_version": 0,
          "attributes": {
            "api_id": "f5o8rmaoa4",
            "connection_id": "",
            "connection_type": "INTERNET",
            "content_handling_strategy": "",
            "credentials_arn": "arn:aws:iam::710563351963:role/LabRole",
            "description": "",
            "id": "2uoi217",
            "integration_method": "POST",
            "integration_response_selection_expression": "",
            "integration_subtype": "",
            "integration_type": "AWS_PROXY",
            "integration_uri": "arn:aws:lambda:us-east-1:710563351963:function:cognito-post-auth",
            "passthrough_behavior": "",
            "payload_format_version": "2.0",
            "region": "us-east-1",
            "request_parameters": {},
            "request_templates": {},
            "response_parameters": [],
            "template_selection_expression": "",
            "timeout_milliseconds": 30000,
            "tls_config": []
          },
          "sensitive_attributes": [],
          "identity_schema_version": 0,
          "private": "bnVsbA==",
          "dependencies": [
            "aws_cognito_user_pool.user_pool",
            "aws_cognito_user_pool_client.app_client",
            "aws_cognito_user_pool_domain.user_pool_domain",
            "aws_lambda_layer_version.python_dependencies",
            "data.aws_iam_role.academy_role",
            "module.ddb_invoice_jobs.aws_dynamodb_table.autoscaled",
            "module.ddb_invoice_jobs.aws_dynamodb_table.autoscaled_gsi_ignore",
            "module.ddb_invoice_jobs.aws_dynamodb_table.this",
            "module.http_api.aws_apigatewayv2_api.this",
            "module.lambdas.aws_cloudwatch_log_group.lambda",
            "module.lambdas.aws_iam_role.lambda",
            "module.lambdas.aws_iam_role_policy.additional_inline",
            "module.lambdas.aws_iam_role_policy.additional_json",
            "module.lambdas.aws_iam_role_policy.additional_jsons",
            "module.lambdas.aws_iam_role_policy.async",
            "module.lambdas.aws_iam_role_policy.dead_letter",
            "module.lambdas.aws_iam_role_policy.logs",
            "module.lambdas.aws_iam_role_policy.tracing",
            "module.lambdas.aws_iam_role_policy.vpc",
            "module.lambdas.aws_iam_role_policy_attachment.additional_many",
            "module.lambdas.aws_iam_role_policy_attachment.additional_one",
            "module.lambdas.aws_lambda_function.this",
            "module.lambdas.aws_s3_object.lambda_package",
            "module.lambdas.data.aws_arn.log_group_arn",
            "module.lambdas.data.aws_cloudwatch_log_group.lambda",
            "module.lambdas.data.aws_iam_policy.tracing",
            "module.lambdas.data.aws_iam_policy.vpc",
            "module.lambdas.data.aws_iam_policy_document.additional_inline",
            "module.lambdas.data.aws_iam_policy_document.assume_role",
            "module.lambdas.data.aws_iam_policy_document.async",
            "module.lambdas.data.aws_iam_policy_document.dead_letter",
            "module.lambdas.data.aws_iam_policy_document.logs",
            "module.lambdas.data.aws_partition.current",
            "module.lambdas.data.external.archive_prepare",
            "module.lambdas.local_file.archive_plan",
            "module.lambdas.null_resource.archive",
            "module.s3_buckets.aws_s3_bucket.this",
            "module.s3_buckets.random_id.suffix"
          ]
        }
      ]
    },
    {
      "mode": "managed",
      "type": "aws_apigatewayv2_integration",
      "name": "get_invoice",
      "provider": "provider[\"registry.terraform.io/hashicorp/aws\"]",
      "instances": [
        {
          "schema_version": 0,
          "attributes": {
            "api_id": "f5o8rmaoa4",
            "connection_id": "",
            "connection_type": "INTERNET",
            "content_handling_strategy": "",
            "credentials_arn": "arn:aws:iam::710563351963:role/LabRole",
            "description": "",
            "id": "ihk3p2e",
            "integration_method": "POST",
            "integration_response_selection_expression": "",
            "integration_subtype": "",
            "integration_type": "AWS_PROXY",
            "integration_uri": "arn:aws:lambda:us-east-1:710563351963:function:invoice-data-getter",
            "passthrough_behavior": "",
            "payload_format_version": "2.0",
            "region": "us-east-1",
            "request_parameters": {},
            "request_templates": {},
            "response_parameters": [],
            "template_selection_expression": "",
            "timeout_milliseconds": 30000,
            "tls_config": []
          },
          "sensitive_attributes": [],
          "identity_schema_version": 0,
          "private": "bnVsbA==",
          "dependencies": [
            "aws_cognito_user_pool.user_pool",
            "aws_cognito_user_pool_client.app_client",
            "aws_cognito_user_pool_domain.user_pool_domain",
            "aws_lambda_layer_version.python_dependencies",
            "data.aws_iam_role.academy_role",
            "module.ddb_invoice_jobs.aws_dynamodb_table.autoscaled",
            "module.ddb_invoice_jobs.aws_dynamodb_table.autoscaled_gsi_ignore",
            "module.ddb_invoice_jobs.aws_dynamodb_table.this",
            "module.http_api.aws_apigatewayv2_api.this",
            "module.lambdas.aws_cloudwatch_log_group.lambda",
            "module.lambdas.aws_iam_role.lambda",
            "module.lambdas.aws_iam_role_policy.additional_inline",
            "module.lambdas.aws_iam_role_policy.additional_json",
            "module.lambdas.aws_iam_role_policy.additional_jsons",
            "module.lambdas.aws_iam_role_policy.async",
            "module.lambdas.aws_iam_role_policy.dead_letter",
            "module.lambdas.aws_iam_role_policy.logs",
            "module.lambdas.aws_iam_role_policy.tracing",
            "module.lambdas.aws_iam_role_policy.vpc",
            "module.lambdas.aws_iam_role_policy_attachment.additional_many",
            "module.lambdas.aws_iam_role_policy_attachment.additional_one",
            "module.lambdas.aws_lambda_function.this",
            "module.lambdas.aws_s3_object.lambda_package",
            "module.lambdas.data.aws_arn.log_group_arn",
            "module.lambdas.data.aws_cloudwatch_log_group.lambda",
            "module.lambdas.data.aws_iam_policy.tracing",
            "module.lambdas.data.aws_iam_policy.vpc",
            "module.lambdas.data.aws_iam_policy_document.additional_inline",
            "module.lambdas.data.aws_iam_policy_document.assume_role",
            "module.lambdas.data.aws_iam_policy_document.async",
            "module.lambdas.data.aws_iam_policy_document.dead_letter",
            "module.lambdas.data.aws_iam_policy_document.logs",
            "module.lambdas.data.aws_partition.current",
            "module.lambdas.data.external.archive_prepare",
            "module.lambdas.local_file.archive_plan",
            "module.lambdas.null_resource.archive",
            "module.s3_buckets.aws_s3_bucket.this",
            "module.s3_buckets.random_id.suffix"
          ]
        }
      ]
    },
    {
      "mode": "managed",
      "type": "aws_apigatewayv2_integration",
      "name": "presign",
      "provider": "provider[\"registry.terraform.io/hashicorp/aws\"]",
      "instances": [
        {
          "schema_version": 0,
          "attributes": {
            "api_id": "f5o8rmaoa4",
            "connection_id": "",
            "connection_type": "INTERNET",
            "content_handling_strategy": "",
            "credentials_arn": "arn:aws:iam::710563351963:role/LabRole",
            "description": "",
            "id": "e7mcxim",
            "integration_method": "POST",
            "integration_response_selection_expression": "",
            "integration_subtype": "",
            "integration_type": "AWS_PROXY",
            "integration_uri": "arn:aws:lambda:us-east-1:710563351963:function:presigned-url-generator",
            "passthrough_behavior": "",
            "payload_format_version": "2.0",
            "region": "us-east-1",
            "request_parameters": {},
            "request_templates": {},
            "response_parameters": [],
            "template_selection_expression": "",
            "timeout_milliseconds": 30000,
            "tls_config": []
          },
          "sensitive_attributes": [],
          "identity_schema_version": 0,
          "private": "bnVsbA==",
          "dependencies": [
            "aws_cognito_user_pool.user_pool",
            "aws_cognito_user_pool_client.app_client",
            "aws_cognito_user_pool_domain.user_pool_domain",
            "aws_lambda_layer_version.python_dependencies",
            "data.aws_iam_role.academy_role",
            "module.ddb_invoice_jobs.aws_dynamodb_table.autoscaled",
            "module.ddb_invoice_jobs.aws_dynamodb_table.autoscaled_gsi_ignore",
            "module.ddb_invoice_jobs.aws_dynamodb_table.this",
            "module.http_api.aws_apigatewayv2_api.this",
            "module.lambdas.aws_cloudwatch_log_group.lambda",
            "module.lambdas.aws_iam_role.lambda",
            "module.lambdas.aws_iam_role_policy.additional_inline",
            "module.lambdas.aws_iam_role_policy.additional_json",
            "module.lambdas.aws_iam_role_policy.additional_jsons",
            "module.lambdas.aws_iam_role_policy.async",
            "module.lambdas.aws_iam_role_policy.dead_letter",
            "module.lambdas.aws_iam_role_policy.logs",
            "module.lambdas.aws_iam_role_policy.tracing",
            "module.lambdas.aws_iam_role_policy.vpc",
            "module.lambdas.aws_iam_role_policy_attachment.additional_many",
            "module.lambdas.aws_iam_role_policy_attachment.additional_one",
            "module.lambdas.aws_lambda_function.this",
            "module.lambdas.aws_s3_object.lambda_package",
            "module.lambdas.data.aws_arn.log_group_arn",
            "module.lambdas.data.aws_cloudwatch_log_group.lambda",
            "module.lambdas.data.aws_iam_policy.tracing",
            "module.lambdas.data.aws_iam_policy.vpc",
            "module.lambdas.data.aws_iam_policy_document.additional_inline",
            "module.lambdas.data.aws_iam_policy_document.assume_role",
            "module.lambdas.data.aws_iam_policy_document.async",
            "module.lambdas.data.aws_iam_policy_document.dead_letter",
            "module.lambdas.data.aws_iam_policy_document.logs",
            "module.lambdas.data.aws_partition.current",
            "module.lambdas.data.external.archive_prepare",
            "module.lambdas.local_file.archive_plan",
            "module.lambdas.null_resource.archive",
            "module.s3_buckets.aws_s3_bucket.this",
            "module.s3_buckets.random_id.suffix"
          ]
        }
      ]
    },
    {
      "mode": "managed",
      "type": "aws_apigatewayv2_integration",
      "name": "report",
      "provider": "provider[\"registry.terraform.io/hashicorp/aws\"]",
      "instances": [
        {
          "schema_version": 0,
          "attributes": {
            "api_id": "f5o8rmaoa4",
            "connection_id": "",
            "connection_type": "INTERNET",
            "content_handling_strategy": "",
            "credentials_arn": "arn:aws:iam::710563351963:role/LabRole",
            "description": "",
            "id": "oqamndg",
            "integration_method": "POST",
            "integration_response_selection_expression": "",
            "integration_subtype": "",
            "integration_type": "AWS_PROXY",
            "integration_uri": "arn:aws:lambda:us-east-1:710563351963:function:report-generator",
            "passthrough_behavior": "",
            "payload_format_version": "2.0",
            "region": "us-east-1",
            "request_parameters": {},
            "request_templates": {},
            "response_parameters": [],
            "template_selection_expression": "",
            "timeout_milliseconds": 30000,
            "tls_config": []
          },
          "sensitive_attributes": [],
          "identity_schema_version": 0,
          "private": "bnVsbA==",
          "dependencies": [
            "aws_cognito_user_pool.user_pool",
            "aws_cognito_user_pool_client.app_client",
            "aws_cognito_user_pool_domain.user_pool_domain",
            "aws_lambda_layer_version.python_dependencies",
            "data.aws_iam_role.academy_role",
            "module.ddb_invoice_jobs.aws_dynamodb_table.autoscaled",
            "module.ddb_invoice_jobs.aws_dynamodb_table.autoscaled_gsi_ignore",
            "module.ddb_invoice_jobs.aws_dynamodb_table.this",
            "module.http_api.aws_apigatewayv2_api.this",
            "module.lambdas.aws_cloudwatch_log_group.lambda",
            "module.lambdas.aws_iam_role.lambda",
            "module.lambdas.aws_iam_role_policy.additional_inline",
            "module.lambdas.aws_iam_role_policy.additional_json",
            "module.lambdas.aws_iam_role_policy.additional_jsons",
            "module.lambdas.aws_iam_role_policy.async",
            "module.lambdas.aws_iam_role_policy.dead_letter",
            "module.lambdas.aws_iam_role_policy.logs",
            "module.lambdas.aws_iam_role_policy.tracing",
            "module.lambdas.aws_iam_role_policy.vpc",
            "module.lambdas.aws_iam_role_policy_attachment.additional_many",
            "module.lambdas.aws_iam_role_policy_attachment.additional_one",
            "module.lambdas.aws_lambda_function.this",
            "module.lambdas.aws_s3_object.lambda_package",
            "module.lambdas.data.aws_arn.log_group_arn",
            "module.lambdas.data.aws_cloudwatch_log_group.lambda",
            "module.lambdas.data.aws_iam_policy.tracing",
            "module.lambdas.data.aws_iam_policy.vpc",
            "module.lambdas.data.aws_iam_policy_document.additional_inline",
            "module.lambdas.data.aws_iam_policy_document.assume_role",
            "module.lambdas.data.aws_iam_policy_document.async",
            "module.lambdas.data.aws_iam_policy_document.dead_letter",
            "module.lambdas.data.aws_iam_policy_document.logs",
            "module.lambdas.data.aws_partition.current",
            "module.lambdas.data.external.archive_prepare",
            "module.lambdas.local_file.archive_plan",
            "module.lambdas.null_resource.archive",
            "module.s3_buckets.aws_s3_bucket.this",
            "module.s3_buckets.random_id.suffix"
          ]
        }
      ]
    },
    {
      "mode": "managed",
      "type": "aws_apigatewayv2_integration",
      "name": "update_invoice",
      "provider": "provider[\"registry.terraform.io/hashicorp/aws\"]",
      "instances": [
        {
          "schema_version": 0,
          "attributes": {
            "api_id": "f5o8rmaoa4",
            "connection_id": "",
            "connection_type": "INTERNET",
            "content_handling_strategy": "",
            "credentials_arn": "arn:aws:iam::710563351963:role/LabRole",
            "description": "",
            "id": "x17ho2m",
            "integration_method": "POST",
            "integration_response_selection_expression": "",
            "integration_subtype": "",
            "integration_type": "AWS_PROXY",
            "integration_uri": "arn:aws:lambda:us-east-1:710563351963:function:invoice-data-updater",
            "passthrough_behavior": "",
            "payload_format_version": "2.0",
            "region": "us-east-1",
            "request_parameters": {},
            "request_templates": {},
            "response_parameters": [],
            "template_selection_expression": "",
            "timeout_milliseconds": 30000,
            "tls_config": []
          },
          "sensitive_attributes": [],
          "identity_schema_version": 0,
          "private": "bnVsbA==",
          "dependencies": [
            "aws_cognito_user_pool.user_pool",
            "aws_cognito_user_pool_client.app_client",
            "aws_cognito_user_pool_domain.user_pool_domain",
            "aws_lambda_layer_version.python_dependencies",
            "data.aws_iam_role.academy_role",
            "module.ddb_invoice_jobs.aws_dynamodb_table.autoscaled",
            "module.ddb_invoice_jobs.aws_dynamodb_table.autoscaled_gsi_ignore",
            "module.ddb_invoice_jobs.aws_dynamodb_table.this",
            "module.http_api.aws_apigatewayv2_api.this",
            "module.lambdas.aws_cloudwatch_log_group.lambda",
            "module.lambdas.aws_iam_role.lambda",
            "module.lambdas.aws_iam_role_policy.additional_inline",
            "module.lambdas.aws_iam_role_policy.additional_json",
            "module.lambdas.aws_iam_role_policy.additional_jsons",
            "module.lambdas.aws_iam_role_policy.async",
            "module.lambdas.aws_iam_role_policy.dead_letter",
            "module.lambdas.aws_iam_role_policy.logs",
            "module.lambdas.aws_iam_role_policy.tracing",
            "module.lambdas.aws_iam_role_policy.vpc",
            "module.lambdas.aws_iam_role_policy_attachment.additional_many",
            "module.lambdas.aws_iam_role_policy_attachment.additional_one",
            "module.lambdas.aws_lambda_function.this",
            "module.lambdas.aws_s3_object.lambda_package",
            "module.lambdas.data.aws_arn.log_group_arn",
            "module.lambdas.data.aws_cloudwatch_log_group.lambda",
            "module.lambdas.data.aws_iam_policy.tracing",
            "module.lambdas.data.aws_iam_policy.vpc",
            "module.lambdas.data.aws_iam_policy_document.additional_inline",
            "module.lambdas.data.aws_iam_policy_document.assume_role",
            "module.lambdas.data.aws_iam_policy_document.async",
            "module.lambdas.data.aws_iam_policy_document.dead_letter",
            "module.lambdas.data.aws_iam_policy_document.logs",
            "module.lambdas.data.aws_partition.current",
            "module.lambdas.data.external.archive_prepare",
            "module.lambdas.local_file.archive_plan",
            "module.lambdas.null_resource.archive",
            "module.s3_buckets.aws_s3_bucket.this",
            "module.s3_buckets.random_id.suffix"
          ]
        }
      ]
    },
    {
      "mode": "managed",
      "type": "aws_apigatewayv2_route",
      "name": "auth_callback",
      "provider": "provider[\"registry.terraform.io/hashicorp/aws\"]",
      "instances": [
        {
          "schema_version": 0,
          "attributes": {
            "api_id": "f5o8rmaoa4",
            "api_key_required": false,
            "authorization_scopes": [],
            "authorization_type": "NONE",
            "authorizer_id": "",
            "id": "o7520yb",
            "model_selection_expression": "",
            "operation_name": "",
            "region": "us-east-1",
            "request_models": {},
            "request_parameter": [],
            "route_key": "GET /auth/callback",
            "route_response_selection_expression": "",
            "target": "integrations/2uoi217"
          },
          "sensitive_attributes": [],
          "identity_schema_version": 0,
          "private": "bnVsbA==",
          "dependencies": [
            "aws_apigatewayv2_integration.auth_callback",
            "aws_cognito_user_pool.user_pool",
            "aws_cognito_user_pool_client.app_client",
            "aws_cognito_user_pool_domain.user_pool_domain",
            "aws_lambda_layer_version.python_dependencies",
            "data.aws_iam_role.academy_role",
            "module.ddb_invoice_jobs.aws_dynamodb_table.autoscaled",
            "module.ddb_invoice_jobs.aws_dynamodb_table.autoscaled_gsi_ignore",
            "module.ddb_invoice_jobs.aws_dynamodb_table.this",
            "module.http_api.aws_apigatewayv2_api.this",
            "module.lambdas.aws_cloudwatch_log_group.lambda",
            "module.lambdas.aws_iam_role.lambda",
            "module.lambdas.aws_iam_role_policy.additional_inline",
            "module.lambdas.aws_iam_role_policy.additional_json",
            "module.lambdas.aws_iam_role_policy.additional_jsons",
            "module.lambdas.aws_iam_role_policy.async",
            "module.lambdas.aws_iam_role_policy.dead_letter",
            "module.lambdas.aws_iam_role_policy.logs",
            "module.lambdas.aws_iam_role_policy.tracing",
            "module.lambdas.aws_iam_role_policy.vpc",
            "module.lambdas.aws_iam_role_policy_attachment.additional_many",
            "module.lambdas.aws_iam_role_policy_attachment.additional_one",
            "module.lambdas.aws_lambda_function.this",
            "module.lambdas.aws_s3_object.lambda_package",
            "module.lambdas.data.aws_arn.log_group_arn",
            "module.lambdas.data.aws_cloudwatch_log_group.lambda",
            "module.lambdas.data.aws_iam_policy.tracing",
            "module.lambdas.data.aws_iam_policy.vpc",
            "module.lambdas.data.aws_iam_policy_document.additional_inline",
            "module.lambdas.data.aws_iam_policy_document.assume_role",
            "module.lambdas.data.aws_iam_policy_document.async",
            "module.lambdas.data.aws_iam_policy_document.dead_letter",
            "module.lambdas.data.aws_iam_policy_document.logs",
            "module.lambdas.data.aws_partition.current",
            "module.lambdas.data.external.archive_prepare",
            "module.lambdas.local_file.archive_plan",
            "module.lambdas.null_resource.archive",
            "module.s3_buckets.aws_s3_bucket.this",
            "module.s3_buckets.random_id.suffix"
          ]
        }
      ]
    },
    {
      "mode": "managed",
      "type": "aws_apigatewayv2_route",
      "name": "get_invoice",
      "provider": "provider[\"registry.terraform.io/hashicorp/aws\"]",
      "instances": [
        {
          "schema_version": 0,
          "attributes": {
            "api_id": "f5o8rmaoa4",
            "api_key_required": false,
            "authorization_scopes": [],
            "authorization_type": "JWT",
            "authorizer_id": "3k8j88",
            "id": "pzawp3s",
            "model_selection_expression": "",
            "operation_name": "",
            "region": "us-east-1",
            "request_models": {},
            "request_parameter": [],
            "route_key": "GET /invoices",
            "route_response_selection_expression": "",
            "target": "integrations/ihk3p2e"
          },
          "sensitive_attributes": [],
          "identity_schema_version": 0,
          "private": "bnVsbA==",
          "dependencies": [
            "aws_apigatewayv2_integration.get_invoice",
            "aws_cognito_user_pool.user_pool",
            "aws_cognito_user_pool_client.app_client",
            "aws_cognito_user_pool_domain.user_pool_domain",
            "aws_lambda_layer_version.python_dependencies",
            "data.aws_iam_role.academy_role",
            "data.aws_region.current",
            "module.ddb_invoice_jobs.aws_dynamodb_table.autoscaled",
            "module.ddb_invoice_jobs.aws_dynamodb_table.autoscaled_gsi_ignore",
            "module.ddb_invoice_jobs.aws_dynamodb_table.this",
            "module.http_api.aws_apigatewayv2_api.this",
            "module.http_api.aws_apigatewayv2_authorizer.this",
            "module.lambdas.aws_cloudwatch_log_group.lambda",
            "module.lambdas.aws_iam_role.lambda",
            "module.lambdas.aws_iam_role_policy.additional_inline",
            "module.lambdas.aws_iam_role_policy.additional_json",
            "module.lambdas.aws_iam_role_policy.additional_jsons",
            "module.lambdas.aws_iam_role_policy.async",
            "module.lambdas.aws_iam_role_policy.dead_letter",
            "module.lambdas.aws_iam_role_policy.logs",
            "module.lambdas.aws_iam_role_policy.tracing",
            "module.lambdas.aws_iam_role_policy.vpc",
            "module.lambdas.aws_iam_role_policy_attachment.additional_many",
            "module.lambdas.aws_iam_role_policy_attachment.additional_one",
            "module.lambdas.aws_lambda_function.this",
            "module.lambdas.aws_s3_object.lambda_package",
            "module.lambdas.data.aws_arn.log_group_arn",
            "module.lambdas.data.aws_cloudwatch_log_group.lambda",
            "module.lambdas.data.aws_iam_policy.tracing",
            "module.lambdas.data.aws_iam_policy.vpc",
            "module.lambdas.data.aws_iam_policy_document.additional_inline",
            "module.lambdas.data.aws_iam_policy_document.assume_role",
            "module.lambdas.data.aws_iam_policy_document.async",
            "module.lambdas.data.aws_iam_policy_document.dead_letter",
            "module.lambdas.data.aws_iam_policy_document.logs",
            "module.lambdas.data.aws_partition.current",
            "module.lambdas.data.external.archive_prepare",
            "module.lambdas.local_file.archive_plan",
            "module.lambdas.null_resource.archive",
            "module.s3_buckets.aws_s3_bucket.this",
            "module.s3_buckets.random_id.suffix"
          ]
        }
      ]
    },
    {
      "mode": "managed",
      "type": "aws_apigatewayv2_route",
      "name": "presign",
      "provider": "provider[\"registry.terraform.io/hashicorp/aws\"]",
      "instances": [
        {
          "schema_version": 0,
          "attributes": {
            "api_id": "f5o8rmaoa4",
            "api_key_required": false,
            "authorization_scopes": [],
            "authorization_type": "JWT",
            "authorizer_id": "3k8j88",
            "id": "2ssobut",
            "model_selection_expression": "",
            "operation_name": "",
            "region": "us-east-1",
            "request_models": {},
            "request_parameter": [],
            "route_key": "POST /uploads/presign",
            "route_response_selection_expression": "",
            "target": "integrations/e7mcxim"
          },
          "sensitive_attributes": [],
          "identity_schema_version": 0,
          "private": "bnVsbA==",
          "dependencies": [
            "aws_apigatewayv2_integration.presign",
            "aws_cognito_user_pool.user_pool",
            "aws_cognito_user_pool_client.app_client",
            "aws_cognito_user_pool_domain.user_pool_domain",
            "aws_lambda_layer_version.python_dependencies",
            "data.aws_iam_role.academy_role",
            "data.aws_region.current",
            "module.ddb_invoice_jobs.aws_dynamodb_table.autoscaled",
            "module.ddb_invoice_jobs.aws_dynamodb_table.autoscaled_gsi_ignore",
            "module.ddb_invoice_jobs.aws_dynamodb_table.this",
            "module.http_api.aws_apigatewayv2_api.this",
            "module.http_api.aws_apigatewayv2_authorizer.this",
            "module.lambdas.aws_cloudwatch_log_group.lambda",
            "module.lambdas.aws_iam_role.lambda",
            "module.lambdas.aws_iam_role_policy.additional_inline",
            "module.lambdas.aws_iam_role_policy.additional_json",
            "module.lambdas.aws_iam_role_policy.additional_jsons",
            "module.lambdas.aws_iam_role_policy.async",
            "module.lambdas.aws_iam_role_policy.dead_letter",
            "module.lambdas.aws_iam_role_policy.logs",
            "module.lambdas.aws_iam_role_policy.tracing",
            "module.lambdas.aws_iam_role_policy.vpc",
            "module.lambdas.aws_iam_role_policy_attachment.additional_many",
            "module.lambdas.aws_iam_role_policy_attachment.additional_one",
            "module.lambdas.aws_lambda_function.this",
            "module.lambdas.aws_s3_object.lambda_package",
            "module.lambdas.data.aws_arn.log_group_arn",
            "module.lambdas.data.aws_cloudwatch_log_group.lambda",
            "module.lambdas.data.aws_iam_policy.tracing",
            "module.lambdas.data.aws_iam_policy.vpc",
            "module.lambdas.data.aws_iam_policy_document.additional_inline",
            "module.lambdas.data.aws_iam_policy_document.assume_role",
            "module.lambdas.data.aws_iam_policy_document.async",
            "module.lambdas.data.aws_iam_policy_document.dead_letter",
            "module.lambdas.data.aws_iam_policy_document.logs",
            "module.lambdas.data.aws_partition.current",
            "module.lambdas.data.external.archive_prepare",
            "module.lambdas.local_file.archive_plan",
            "module.lambdas.null_resource.archive",
            "module.s3_buckets.aws_s3_bucket.this",
            "module.s3_buckets.random_id.suffix"
          ]
        }
      ]
    },
    {
      "mode": "managed",
      "type": "aws_apigatewayv2_route",
      "name": "report",
      "provider": "provider[\"registry.terraform.io/hashicorp/aws\"]",
      "instances": [
        {
          "schema_version": 0,
          "attributes": {
            "api_id": "f5o8rmaoa4",
            "api_key_required": false,
            "authorization_scopes": [],
            "authorization_type": "JWT",
            "authorizer_id": "3k8j88",
            "id": "97pfd9j",
            "model_selection_expression": "",
            "operation_name": "",
            "region": "us-east-1",
            "request_models": {},
            "request_parameter": [],
            "route_key": "GET /download",
            "route_response_selection_expression": "",
            "target": "integrations/oqamndg"
          },
          "sensitive_attributes": [],
          "identity_schema_version": 0,
          "private": "bnVsbA==",
          "dependencies": [
            "aws_apigatewayv2_integration.report",
            "aws_cognito_user_pool.user_pool",
            "aws_cognito_user_pool_client.app_client",
            "aws_cognito_user_pool_domain.user_pool_domain",
            "aws_lambda_layer_version.python_dependencies",
            "data.aws_iam_role.academy_role",
            "data.aws_region.current",
            "module.ddb_invoice_jobs.aws_dynamodb_table.autoscaled",
            "module.ddb_invoice_jobs.aws_dynamodb_table.autoscaled_gsi_ignore",
            "module.ddb_invoice_jobs.aws_dynamodb_table.this",
            "module.http_api.aws_apigatewayv2_api.this",
            "module.http_api.aws_apigatewayv2_authorizer.this",
            "module.lambdas.aws_cloudwatch_log_group.lambda",
            "module.lambdas.aws_iam_role.lambda",
            "module.lambdas.aws_iam_role_policy.additional_inline",
            "module.lambdas.aws_iam_role_policy.additional_json",
            "module.lambdas.aws_iam_role_policy.additional_jsons",
            "module.lambdas.aws_iam_role_policy.async",
            "module.lambdas.aws_iam_role_policy.dead_letter",
            "module.lambdas.aws_iam_role_policy.logs",
            "module.lambdas.aws_iam_role_policy.tracing",
            "module.lambdas.aws_iam_role_policy.vpc",
            "module.lambdas.aws_iam_role_policy_attachment.additional_many",
            "module.lambdas.aws_iam_role_policy_attachment.additional_one",
            "module.lambdas.aws_lambda_function.this",
            "module.lambdas.aws_s3_object.lambda_package",
            "module.lambdas.data.aws_arn.log_group_arn",
            "module.lambdas.data.aws_cloudwatch_log_group.lambda",
            "module.lambdas.data.aws_iam_policy.tracing",
            "module.lambdas.data.aws_iam_policy.vpc",
            "module.lambdas.data.aws_iam_policy_document.additional_inline",
            "module.lambdas.data.aws_iam_policy_document.assume_role",
            "module.lambdas.data.aws_iam_policy_document.async",
            "module.lambdas.data.aws_iam_policy_document.dead_letter",
            "module.lambdas.data.aws_iam_policy_document.logs",
            "module.lambdas.data.aws_partition.current",
            "module.lambdas.data.external.archive_prepare",
            "module.lambdas.local_file.archive_plan",
            "module.lambdas.null_resource.archive",
            "module.s3_buckets.aws_s3_bucket.this",
            "module.s3_buckets.random_id.suffix"
          ]
        }
      ]
    },
    {
      "mode": "managed",
      "type": "aws_apigatewayv2_route",
      "name": "update_invoice",
      "provider": "provider[\"registry.terraform.io/hashicorp/aws\"]",
      "instances": [
        {
          "schema_version": 0,
          "attributes": {
            "api_id": "f5o8rmaoa4",
            "api_key_required": false,
            "authorization_scopes": [],
            "authorization_type": "JWT",
            "authorizer_id": "3k8j88",
            "id": "n0u1101",
            "model_selection_expression": "",
            "operation_name": "",
            "region": "us-east-1",
            "request_models": {},
            "request_parameter": [],
            "route_key": "PUT /invoices/{id}",
            "route_response_selection_expression": "",
            "target": "integrations/x17ho2m"
          },
          "sensitive_attributes": [],
          "identity_schema_version": 0,
          "private": "bnVsbA==",
          "dependencies": [
            "aws_apigatewayv2_integration.update_invoice",
            "aws_cognito_user_pool.user_pool",
            "aws_cognito_user_pool_client.app_client",
            "aws_cognito_user_pool_domain.user_pool_domain",
            "aws_lambda_layer_version.python_dependencies",
            "data.aws_iam_role.academy_role",
            "data.aws_region.current",
            "module.ddb_invoice_jobs.aws_dynamodb_table.autoscaled",
            "module.ddb_invoice_jobs.aws_dynamodb_table.autoscaled_gsi_ignore",
            "module.ddb_invoice_jobs.aws_dynamodb_table.this",
            "module.http_api.aws_apigatewayv2_api.this",
            "module.http_api.aws_apigatewayv2_authorizer.this",
            "module.lambdas.aws_cloudwatch_log_group.lambda",
            "module.lambdas.aws_iam_role.lambda",
            "module.lambdas.aws_iam_role_policy.additional_inline",
            "module.lambdas.aws_iam_role_policy.additional_json",
            "module.lambdas.aws_iam_role_policy.additional_jsons",
            "module.lambdas.aws_iam_role_policy.async",
            "module.lambdas.aws_iam_role_policy.dead_letter",
            "module.lambdas.aws_iam_role_policy.logs",
            "module.lambdas.aws_iam_role_policy.tracing",
            "module.lambdas.aws_iam_role_policy.vpc",
            "module.lambdas.aws_iam_role_policy_attachment.additional_many",
            "module.lambdas.aws_iam_role_policy_attachment.additional_one",
            "module.lambdas.aws_lambda_function.this",
            "module.lambdas.aws_s3_object.lambda_package",
            "module.lambdas.data.aws_arn.log_group_arn",
            "module.lambdas.data.aws_cloudwatch_log_group.lambda",
            "module.lambdas.data.aws_iam_policy.tracing",
            "module.lambdas.data.aws_iam_policy.vpc",
            "module.lambdas.data.aws_iam_policy_document.additional_inline",
            "module.lambdas.data.aws_iam_policy_document.assume_role",
            "module.lambdas.data.aws_iam_policy_document.async",
            "module.lambdas.data.aws_iam_policy_document.dead_letter",
            "module.lambdas.data.aws_iam_policy_document.logs",
            "module.lambdas.data.aws_partition.current",
            "module.lambdas.data.external.archive_prepare",
            "module.lambdas.local_file.archive_plan",
            "module.lambdas.null_resource.archive",
            "module.s3_buckets.aws_s3_bucket.this",
            "module.s3_buckets.random_id.suffix"
          ]
        }
      ]
    },
    {
      "mode": "managed",
      "type": "aws_apigatewayv2_stage",
      "name": "prod",
      "provider": "provider[\"registry.terraform.io/hashicorp/aws\"]",
      "instances": [
        {
          "schema_version": 0,
          "attributes": {
            "access_log_settings": [
              {
                "destination_arn": "arn:aws:logs:us-east-1:710563351963:log-group:/aws/apigw/factutable",
                "format": "{\"httpMethod\":\"$context.httpMethod\",\"integrationErrorMessage\":\"$context.integrationErrorMessage\",\"protocol\":\"$context.protocol\",\"requestId\":\"$context.requestId\",\"requestTime\":\"$context.requestTime\",\"resourcePath\":\"$context.resourcePath\",\"responseLength\":\"$context.responseLength\",\"routeKey\":\"$context.routeKey\",\"sourceIp\":\"$context.identity.sourceIp\",\"status\":\"$context.status\"}"
              }
            ],
            "api_id": "f5o8rmaoa4",
            "arn": "arn:aws:apigateway:us-east-1::/apis/f5o8rmaoa4/stages/prod",
            "auto_deploy": true,
            "client_certificate_id": "",
            "default_route_settings": [
              {
                "data_trace_enabled": false,
                "detailed_metrics_enabled": false,
                "logging_level": "",
                "throttling_burst_limit": 0,
                "throttling_rate_limit": 0
              }
            ],
            "deployment_id": "xrl1a9",
            "description": "",
            "execution_arn": "arn:aws:execute-api:us-east-1:710563351963:f5o8rmaoa4/prod",
            "id": "prod",
            "invoke_url": "https://f5o8rmaoa4.execute-api.us-east-1.amazonaws.com/prod",
            "name": "prod",
            "region": "us-east-1",
            "route_settings": [],
            "stage_variables": {},
            "tags": {},
            "tags_all": {}
          },
          "sensitive_attributes": [],
          "identity_schema_version": 0,
          "private": "bnVsbA==",
          "dependencies": [
            "aws_cloudwatch_log_group.apigw_access",
            "module.http_api.aws_apigatewayv2_api.this"
          ]
        }
      ]
    },
    {
      "mode": "managed",
      "type": "aws_cloudwatch_log_group",
      "name": "apigw_access",
      "provider": "provider[\"registry.terraform.io/hashicorp/aws\"]",
      "instances": [
        {
          "schema_version": 0,
          "attributes": {
            "arn": "arn:aws:logs:us-east-1:710563351963:log-group:/aws/apigw/factutable",
            "id": "/aws/apigw/factutable",
            "kms_key_id": "",
            "log_group_class": "STANDARD",
            "name": "/aws/apigw/factutable",
            "name_prefix": "",
            "region": "us-east-1",
            "retention_in_days": 14,
            "skip_destroy": false,
            "tags": {
              "Environment": "production",
              "Project": "FactuTable"
            },
            "tags_all": {
              "Environment": "production",
              "Project": "FactuTable"
            }
          },
          "sensitive_attributes": [],
          "identity_schema_version": 0,
          "identity": {
            "account_id": "710563351963",
            "name": "/aws/apigw/factutable",
            "region": "us-east-1"
          },
          "private": "bnVsbA=="
        }
      ]
    },
    {
      "mode": "managed",
      "type": "aws_cognito_user_pool",
      "name": "user_pool",
      "provider": "provider[\"registry.terraform.io/hashicorp/aws\"]",
      "instances": [
        {
          "schema_version": 0,
          "attributes": {
            "account_recovery_setting": [
              {
                "recovery_mechanism": [
                  {
                    "name": "verified_email",
                    "priority": 1
                  },
                  {
                    "name": "verified_phone_number",
                    "priority": 2
                  }
                ]
              }
            ],
            "admin_create_user_config": [
              {
                "allow_admin_create_user_only": false,
                "invite_message_template": []
              }
            ],
            "alias_attributes": null,
            "arn": "arn:aws:cognito-idp:us-east-1:710563351963:userpool/us-east-1_5M9YXKeOe",
            "auto_verified_attributes": [
              "email"
            ],
            "creation_date": "2025-10-22T22:07:23Z",
            "custom_domain": "",
            "deletion_protection": "INACTIVE",
            "device_configuration": [],
            "domain": "factutable-auth",
            "email_configuration": [
              {
                "configuration_set": "",
                "email_sending_account": "COGNITO_DEFAULT",
                "from_email_address": "",
                "reply_to_email_address": "",
                "source_arn": ""
              }
            ],
            "email_mfa_configuration": [],
            "email_verification_message": "",
            "email_verification_subject": "",
            "endpoint": "cognito-idp.us-east-1.amazonaws.com/us-east-1_5M9YXKeOe",
            "estimated_number_of_users": 1,
            "id": "us-east-1_5M9YXKeOe",
            "lambda_config": [],
            "last_modified_date": "2025-10-22T22:07:23Z",
            "mfa_configuration": "OFF",
            "name": "factutable-user-pool",
            "password_policy": [
              {
                "minimum_length": 8,
                "password_history_size": 0,
                "require_lowercase": true,
                "require_numbers": true,
                "require_symbols": true,
                "require_uppercase": true,
                "temporary_password_validity_days": 7
              }
            ],
            "region": "us-east-1",
            "schema": [],
            "sign_in_policy": [
              {
                "allowed_first_auth_factors": [
                  "PASSWORD"
                ]
              }
            ],
            "sms_authentication_message": "",
            "sms_configuration": [],
            "sms_verification_message": "",
            "software_token_mfa_configuration": [],
            "tags": {
              "Environment": "production",
              "Project": "FactuTable"
            },
            "tags_all": {
              "Environment": "production",
              "Project": "FactuTable"
            },
            "user_attribute_update_settings": [],
            "user_pool_add_ons": [],
            "user_pool_tier": "ESSENTIALS",
            "username_attributes": [
              "email"
            ],
            "username_configuration": [],
            "verification_message_template": [
              {
                "default_email_option": "CONFIRM_WITH_CODE",
                "email_message": "",
                "email_message_by_link": "",
                "email_subject": "",
                "email_subject_by_link": "",
                "sms_message": ""
              }
            ],
            "web_authn_configuration": []
          },
          "sensitive_attributes": [],
          "identity_schema_version": 0,
          "private": "bnVsbA==",
          "create_before_destroy": true
        }
      ]
    },
    {
      "mode": "managed",
      "type": "aws_cognito_user_pool_client",
      "name": "app_client",
      "provider": "provider[\"registry.terraform.io/hashicorp/aws\"]",
      "instances": [
        {
          "schema_version": 0,
          "attributes": {
            "access_token_validity": 0,
            "allowed_oauth_flows": [
              "code"
            ],
            "allowed_oauth_flows_user_pool_client": true,
            "allowed_oauth_scopes": [
              "email",
              "openid",
              "phone",
              "profile"
            ],
            "analytics_configuration": [],
            "auth_session_validity": 3,
            "callback_urls": [
              "http://localhost:3000",
              "https://f5o8rmaoa4.execute-api.us-east-1.amazonaws.com/prod/auth/callback"
            ],
            "client_secret": "",
            "default_redirect_uri": "",
            "enable_propagate_additional_user_context_data": false,
            "enable_token_revocation": true,
            "explicit_auth_flows": [
              "ALLOW_REFRESH_TOKEN_AUTH",
              "ALLOW_USER_PASSWORD_AUTH"
            ],
            "generate_secret": false,
            "id": "7nilk1q7pj4k2adn54ocjhkg0u",
            "id_token_validity": 0,
            "logout_urls": [],
            "name": "factutable-app-client",
            "prevent_user_existence_errors": "",
            "read_attributes": [],
            "refresh_token_rotation": [],
            "refresh_token_validity": 30,
            "region": "us-east-1",
            "supported_identity_providers": [
              "COGNITO"
            ],
            "token_validity_units": [],
            "user_pool_id": "us-east-1_5M9YXKeOe",
            "write_attributes": []
          },
          "sensitive_attributes": [
            [
              {
                "type": "get_attr",
                "value": "client_secret"
              }
            ]
          ],
          "identity_schema_version": 0,
          "dependencies": [
            "aws_cognito_user_pool.user_pool",
            "module.http_api.aws_apigatewayv2_api.this"
          ],
          "create_before_destroy": true
        }
      ]
    },
    {
      "mode": "managed",
      "type": "aws_cognito_user_pool_domain",
      "name": "user_pool_domain",
      "provider": "provider[\"registry.terraform.io/hashicorp/aws\"]",
      "instances": [
        {
          "schema_version": 0,
          "attributes": {
            "aws_account_id": "710563351963",
            "certificate_arn": "",
            "cloudfront_distribution": "d3oia8etllorh5.cloudfront.net",
            "cloudfront_distribution_arn": "d3oia8etllorh5.cloudfront.net",
            "cloudfront_distribution_zone_id": "Z2FDTNDATAQYW2",
            "domain": "factutable-auth",
            "id": "factutable-auth",
            "managed_login_version": 1,
            "region": "us-east-1",
            "s3_bucket": "aws-cognito-prod-iad-assets",
            "user_pool_id": "us-east-1_5M9YXKeOe",
            "version": "20251022220724"
          },
          "sensitive_attributes": [],
          "identity_schema_version": 0,
          "private": "bnVsbA==",
          "dependencies": [
            "aws_cognito_user_pool.user_pool"
          ],
          "create_before_destroy": true
        }
      ]
    },
    {
      "mode": "managed",
      "type": "aws_lambda_layer_version",
      "name": "python_dependencies",
      "provider": "provider[\"registry.terraform.io/hashicorp/aws\"]",
      "instances": [
        {
          "schema_version": 0,
          "attributes": {
            "arn": "arn:aws:lambda:us-east-1:710563351963:layer:python-dependencies:3",
            "code_sha256": "NJcVya/D5aIUcHHqXklcOBSt9iMoQsZunlbyRiIR0Bs=",
            "compatible_architectures": [],
            "compatible_runtimes": [
              "python3.13"
            ],
            "created_date": "2025-10-22T23:18:39.405+0000",
            "description": "",
            "filename": "../src/lambda-layer.zip",
            "id": "arn:aws:lambda:us-east-1:710563351963:layer:python-dependencies:3",
            "layer_arn": "arn:aws:lambda:us-east-1:710563351963:layer:python-dependencies",
            "layer_name": "python-dependencies",
            "license_info": "",
            "region": "us-east-1",
            "s3_bucket": null,
            "s3_key": null,
            "s3_object_version": null,
            "signing_job_arn": "",
            "signing_profile_version_arn": "",
            "skip_destroy": false,
            "source_code_hash": "",
            "source_code_size": 1072577,
            "version": "3"
          },
          "sensitive_attributes": [],
          "identity_schema_version": 0,
          "private": "bnVsbA==",
          "create_before_destroy": true
        }
      ]
    },
    {
      "mode": "managed",
      "type": "aws_lambda_permission",
      "name": "apigw_invoke",
      "provider": "provider[\"registry.terraform.io/hashicorp/aws\"]",
      "instances": [
        {
          "index_key": "auth_callback",
          "schema_version": 0,
          "attributes": {
            "action": "lambda:InvokeFunction",
            "event_source_token": null,
            "function_name": "cognito-post-auth",
            "function_url_auth_type": null,
            "id": "AllowInvoke-auth_callback",
            "principal": "apigateway.amazonaws.com",
            "principal_org_id": null,
            "qualifier": "",
            "region": "us-east-1",
            "source_account": null,
            "source_arn": "arn:aws:execute-api:us-east-1:710563351963:f5o8rmaoa4/$default/*/*",
            "statement_id": "AllowInvoke-auth_callback",
            "statement_id_prefix": ""
          },
          "sensitive_attributes": [],
          "identity_schema_version": 0,
          "identity": {
            "account_id": "710563351963",
            "function_name": "cognito-post-auth",
            "qualifier": null,
            "region": "us-east-1",
            "statement_id": "AllowInvoke-auth_callback"
          },
          "private": "bnVsbA==",
          "dependencies": [
            "aws_cognito_user_pool.user_pool",
            "aws_cognito_user_pool_client.app_client",
            "aws_cognito_user_pool_domain.user_pool_domain",
            "aws_lambda_layer_version.python_dependencies",
            "data.aws_iam_role.academy_role",
            "data.aws_region.current",
            "module.ddb_invoice_jobs.aws_dynamodb_table.autoscaled",
            "module.ddb_invoice_jobs.aws_dynamodb_table.autoscaled_gsi_ignore",
            "module.ddb_invoice_jobs.aws_dynamodb_table.this",
            "module.http_api.aws_apigatewayv2_api.this",
            "module.http_api.aws_apigatewayv2_authorizer.this",
            "module.http_api.aws_apigatewayv2_deployment.this",
            "module.http_api.aws_apigatewayv2_integration.this",
            "module.http_api.aws_apigatewayv2_route.this",
            "module.http_api.aws_apigatewayv2_route_response.this",
            "module.http_api.aws_apigatewayv2_stage.this",
            "module.http_api.aws_apigatewayv2_vpc_link.this",
            "module.http_api.aws_cloudwatch_log_group.this",
            "module.lambdas.aws_cloudwatch_log_group.lambda",
            "module.lambdas.aws_iam_role.lambda",
            "module.lambdas.aws_iam_role_policy.additional_inline",
            "module.lambdas.aws_iam_role_policy.additional_json",
            "module.lambdas.aws_iam_role_policy.additional_jsons",
            "module.lambdas.aws_iam_role_policy.async",
            "module.lambdas.aws_iam_role_policy.dead_letter",
            "module.lambdas.aws_iam_role_policy.logs",
            "module.lambdas.aws_iam_role_policy.tracing",
            "module.lambdas.aws_iam_role_policy.vpc",
            "module.lambdas.aws_iam_role_policy_attachment.additional_many",
            "module.lambdas.aws_iam_role_policy_attachment.additional_one",
            "module.lambdas.aws_lambda_function.this",
            "module.lambdas.aws_s3_object.lambda_package",
            "module.lambdas.data.aws_arn.log_group_arn",
            "module.lambdas.data.aws_cloudwatch_log_group.lambda",
            "module.lambdas.data.aws_iam_policy.tracing",
            "module.lambdas.data.aws_iam_policy.vpc",
            "module.lambdas.data.aws_iam_policy_document.additional_inline",
            "module.lambdas.data.aws_iam_policy_document.assume_role",
            "module.lambdas.data.aws_iam_policy_document.async",
            "module.lambdas.data.aws_iam_policy_document.dead_letter",
            "module.lambdas.data.aws_iam_policy_document.logs",
            "module.lambdas.data.aws_partition.current",
            "module.lambdas.data.external.archive_prepare",
            "module.lambdas.local_file.archive_plan",
            "module.lambdas.null_resource.archive",
            "module.s3_buckets.aws_s3_bucket.this",
            "module.s3_buckets.random_id.suffix"
          ]
        },
        {
          "index_key": "getter",
          "schema_version": 0,
          "attributes": {
            "action": "lambda:InvokeFunction",
            "event_source_token": null,
            "function_name": "invoice-data-getter",
            "function_url_auth_type": null,
            "id": "AllowInvoke-getter",
            "principal": "apigateway.amazonaws.com",
            "principal_org_id": null,
            "qualifier": "",
            "region": "us-east-1",
            "source_account": null,
            "source_arn": "arn:aws:execute-api:us-east-1:710563351963:f5o8rmaoa4/$default/*/*",
            "statement_id": "AllowInvoke-getter",
            "statement_id_prefix": ""
          },
          "sensitive_attributes": [],
          "identity_schema_version": 0,
          "identity": {
            "account_id": "710563351963",
            "function_name": "invoice-data-getter",
            "qualifier": null,
            "region": "us-east-1",
            "statement_id": "AllowInvoke-getter"
          },
          "private": "bnVsbA==",
          "dependencies": [
            "aws_cognito_user_pool.user_pool",
            "aws_cognito_user_pool_client.app_client",
            "aws_cognito_user_pool_domain.user_pool_domain",
            "aws_lambda_layer_version.python_dependencies",
            "data.aws_iam_role.academy_role",
            "data.aws_region.current",
            "module.ddb_invoice_jobs.aws_dynamodb_table.autoscaled",
            "module.ddb_invoice_jobs.aws_dynamodb_table.autoscaled_gsi_ignore",
            "module.ddb_invoice_jobs.aws_dynamodb_table.this",
            "module.http_api.aws_apigatewayv2_api.this",
            "module.http_api.aws_apigatewayv2_authorizer.this",
            "module.http_api.aws_apigatewayv2_deployment.this",
            "module.http_api.aws_apigatewayv2_integration.this",
            "module.http_api.aws_apigatewayv2_route.this",
            "module.http_api.aws_apigatewayv2_route_response.this",
            "module.http_api.aws_apigatewayv2_stage.this",
            "module.http_api.aws_apigatewayv2_vpc_link.this",
            "module.http_api.aws_cloudwatch_log_group.this",
            "module.lambdas.aws_cloudwatch_log_group.lambda",
            "module.lambdas.aws_iam_role.lambda",
            "module.lambdas.aws_iam_role_policy.additional_inline",
            "module.lambdas.aws_iam_role_policy.additional_json",
            "module.lambdas.aws_iam_role_policy.additional_jsons",
            "module.lambdas.aws_iam_role_policy.async",
            "module.lambdas.aws_iam_role_policy.dead_letter",
            "module.lambdas.aws_iam_role_policy.logs",
            "module.lambdas.aws_iam_role_policy.tracing",
            "module.lambdas.aws_iam_role_policy.vpc",
            "module.lambdas.aws_iam_role_policy_attachment.additional_many",
            "module.lambdas.aws_iam_role_policy_attachment.additional_one",
            "module.lambdas.aws_lambda_function.this",
            "module.lambdas.aws_s3_object.lambda_package",
            "module.lambdas.data.aws_arn.log_group_arn",
            "module.lambdas.data.aws_cloudwatch_log_group.lambda",
            "module.lambdas.data.aws_iam_policy.tracing",
            "module.lambdas.data.aws_iam_policy.vpc",
            "module.lambdas.data.aws_iam_policy_document.additional_inline",
            "module.lambdas.data.aws_iam_policy_document.assume_role",
            "module.lambdas.data.aws_iam_policy_document.async",
            "module.lambdas.data.aws_iam_policy_document.dead_letter",
            "module.lambdas.data.aws_iam_policy_document.logs",
            "module.lambdas.data.aws_partition.current",
            "module.lambdas.data.external.archive_prepare",
            "module.lambdas.local_file.archive_plan",
            "module.lambdas.null_resource.archive",
            "module.s3_buckets.aws_s3_bucket.this",
            "module.s3_buckets.random_id.suffix"
          ]
        },
        {
          "index_key": "presign",
          "schema_version": 0,
          "attributes": {
            "action": "lambda:InvokeFunction",
            "event_source_token": null,
            "function_name": "presigned-url-generator",
            "function_url_auth_type": null,
            "id": "AllowInvoke-presign",
            "principal": "apigateway.amazonaws.com",
            "principal_org_id": null,
            "qualifier": "",
            "region": "us-east-1",
            "source_account": null,
            "source_arn": "arn:aws:execute-api:us-east-1:710563351963:f5o8rmaoa4/$default/*/*",
            "statement_id": "AllowInvoke-presign",
            "statement_id_prefix": ""
          },
          "sensitive_attributes": [],
          "identity_schema_version": 0,
          "identity": {
            "account_id": "710563351963",
            "function_name": "presigned-url-generator",
            "qualifier": null,
            "region": "us-east-1",
            "statement_id": "AllowInvoke-presign"
          },
          "private": "bnVsbA==",
          "dependencies": [
            "aws_cognito_user_pool.user_pool",
            "aws_cognito_user_pool_client.app_client",
            "aws_cognito_user_pool_domain.user_pool_domain",
            "aws_lambda_layer_version.python_dependencies",
            "data.aws_iam_role.academy_role",
            "data.aws_region.current",
            "module.ddb_invoice_jobs.aws_dynamodb_table.autoscaled",
            "module.ddb_invoice_jobs.aws_dynamodb_table.autoscaled_gsi_ignore",
            "module.ddb_invoice_jobs.aws_dynamodb_table.this",
            "module.http_api.aws_apigatewayv2_api.this",
            "module.http_api.aws_apigatewayv2_authorizer.this",
            "module.http_api.aws_apigatewayv2_deployment.this",
            "module.http_api.aws_apigatewayv2_integration.this",
            "module.http_api.aws_apigatewayv2_route.this",
            "module.http_api.aws_apigatewayv2_route_response.this",
            "module.http_api.aws_apigatewayv2_stage.this",
            "module.http_api.aws_apigatewayv2_vpc_link.this",
            "module.http_api.aws_cloudwatch_log_group.this",
            "module.lambdas.aws_cloudwatch_log_group.lambda",
            "module.lambdas.aws_iam_role.lambda",
            "module.lambdas.aws_iam_role_policy.additional_inline",
            "module.lambdas.aws_iam_role_policy.additional_json",
            "module.lambdas.aws_iam_role_policy.additional_jsons",
            "module.lambdas.aws_iam_role_policy.async",
            "module.lambdas.aws_iam_role_policy.dead_letter",
            "module.lambdas.aws_iam_role_policy.logs",
            "module.lambdas.aws_iam_role_policy.tracing",
            "module.lambdas.aws_iam_role_policy.vpc",
            "module.lambdas.aws_iam_role_policy_attachment.additional_many",
            "module.lambdas.aws_iam_role_policy_attachment.additional_one",
            "module.lambdas.aws_lambda_function.this",
            "module.lambdas.aws_s3_object.lambda_package",
            "module.lambdas.data.aws_arn.log_group_arn",
            "module.lambdas.data.aws_cloudwatch_log_group.lambda",
            "module.lambdas.data.aws_iam_policy.tracing",
            "module.lambdas.data.aws_iam_policy.vpc",
            "module.lambdas.data.aws_iam_policy_document.additional_inline",
            "module.lambdas.data.aws_iam_policy_document.assume_role",
            "module.lambdas.data.aws_iam_policy_document.async",
            "module.lambdas.data.aws_iam_policy_document.dead_letter",
            "module.lambdas.data.aws_iam_policy_document.logs",
            "module.lambdas.data.aws_partition.current",
            "module.lambdas.data.external.archive_prepare",
            "module.lambdas.local_file.archive_plan",
            "module.lambdas.null_resource.archive",
            "module.s3_buckets.aws_s3_bucket.this",
            "module.s3_buckets.random_id.suffix"
          ]
        },
        {
          "index_key": "report",
          "schema_version": 0,
          "attributes": {
            "action": "lambda:InvokeFunction",
            "event_source_token": null,
            "function_name": "report-generator",
            "function_url_auth_type": null,
            "id": "AllowInvoke-report",
            "principal": "apigateway.amazonaws.com",
            "principal_org_id": null,
            "qualifier": "",
            "region": "us-east-1",
            "source_account": null,
            "source_arn": "arn:aws:execute-api:us-east-1:710563351963:f5o8rmaoa4/$default/*/*",
            "statement_id": "AllowInvoke-report",
            "statement_id_prefix": ""
          },
          "sensitive_attributes": [],
          "identity_schema_version": 0,
          "identity": {
            "account_id": "710563351963",
            "function_name": "report-generator",
            "qualifier": null,
            "region": "us-east-1",
            "statement_id": "AllowInvoke-report"
          },
          "private": "bnVsbA==",
          "dependencies": [
            "aws_cognito_user_pool.user_pool",
            "aws_cognito_user_pool_client.app_client",
            "aws_cognito_user_pool_domain.user_pool_domain",
            "aws_lambda_layer_version.python_dependencies",
            "data.aws_iam_role.academy_role",
            "data.aws_region.current",
            "module.ddb_invoice_jobs.aws_dynamodb_table.autoscaled",
            "module.ddb_invoice_jobs.aws_dynamodb_table.autoscaled_gsi_ignore",
            "module.ddb_invoice_jobs.aws_dynamodb_table.this",
            "module.http_api.aws_apigatewayv2_api.this",
            "module.http_api.aws_apigatewayv2_authorizer.this",
            "module.http_api.aws_apigatewayv2_deployment.this",
            "module.http_api.aws_apigatewayv2_integration.this",
            "module.http_api.aws_apigatewayv2_route.this",
            "module.http_api.aws_apigatewayv2_route_response.this",
            "module.http_api.aws_apigatewayv2_stage.this",
            "module.http_api.aws_apigatewayv2_vpc_link.this",
            "module.http_api.aws_cloudwatch_log_group.this",
            "module.lambdas.aws_cloudwatch_log_group.lambda",
            "module.lambdas.aws_iam_role.lambda",
            "module.lambdas.aws_iam_role_policy.additional_inline",
            "module.lambdas.aws_iam_role_policy.additional_json",
            "module.lambdas.aws_iam_role_policy.additional_jsons",
            "module.lambdas.aws_iam_role_policy.async",
            "module.lambdas.aws_iam_role_policy.dead_letter",
            "module.lambdas.aws_iam_role_policy.logs",
            "module.lambdas.aws_iam_role_policy.tracing",
            "module.lambdas.aws_iam_role_policy.vpc",
            "module.lambdas.aws_iam_role_policy_attachment.additional_many",
            "module.lambdas.aws_iam_role_policy_attachment.additional_one",
            "module.lambdas.aws_lambda_function.this",
            "module.lambdas.aws_s3_object.lambda_package",
            "module.lambdas.data.aws_arn.log_group_arn",
            "module.lambdas.data.aws_cloudwatch_log_group.lambda",
            "module.lambdas.data.aws_iam_policy.tracing",
            "module.lambdas.data.aws_iam_policy.vpc",
            "module.lambdas.data.aws_iam_policy_document.additional_inline",
            "module.lambdas.data.aws_iam_policy_document.assume_role",
            "module.lambdas.data.aws_iam_policy_document.async",
            "module.lambdas.data.aws_iam_policy_document.dead_letter",
            "module.lambdas.data.aws_iam_policy_document.logs",
            "module.lambdas.data.aws_partition.current",
            "module.lambdas.data.external.archive_prepare",
            "module.lambdas.local_file.archive_plan",
            "module.lambdas.null_resource.archive",
            "module.s3_buckets.aws_s3_bucket.this",
            "module.s3_buckets.random_id.suffix"
          ]
        },
        {
          "index_key": "update",
          "schema_version": 0,
          "attributes": {
            "action": "lambda:InvokeFunction",
            "event_source_token": null,
            "function_name": "invoice-data-updater",
            "function_url_auth_type": null,
            "id": "AllowInvoke-update",
            "principal": "apigateway.amazonaws.com",
            "principal_org_id": null,
            "qualifier": "",
            "region": "us-east-1",
            "source_account": null,
            "source_arn": "arn:aws:execute-api:us-east-1:710563351963:f5o8rmaoa4/$default/*/*",
            "statement_id": "AllowInvoke-update",
            "statement_id_prefix": ""
          },
          "sensitive_attributes": [],
          "identity_schema_version": 0,
          "identity": {
            "account_id": "710563351963",
            "function_name": "invoice-data-updater",
            "qualifier": null,
            "region": "us-east-1",
            "statement_id": "AllowInvoke-update"
          },
          "private": "bnVsbA==",
          "dependencies": [
            "aws_cognito_user_pool.user_pool",
            "aws_cognito_user_pool_client.app_client",
            "aws_cognito_user_pool_domain.user_pool_domain",
            "aws_lambda_layer_version.python_dependencies",
            "data.aws_iam_role.academy_role",
            "data.aws_region.current",
            "module.ddb_invoice_jobs.aws_dynamodb_table.autoscaled",
            "module.ddb_invoice_jobs.aws_dynamodb_table.autoscaled_gsi_ignore",
            "module.ddb_invoice_jobs.aws_dynamodb_table.this",
            "module.http_api.aws_apigatewayv2_api.this",
            "module.http_api.aws_apigatewayv2_authorizer.this",
            "module.http_api.aws_apigatewayv2_deployment.this",
            "module.http_api.aws_apigatewayv2_integration.this",
            "module.http_api.aws_apigatewayv2_route.this",
            "module.http_api.aws_apigatewayv2_route_response.this",
            "module.http_api.aws_apigatewayv2_stage.this",
            "module.http_api.aws_apigatewayv2_vpc_link.this",
            "module.http_api.aws_cloudwatch_log_group.this",
            "module.lambdas.aws_cloudwatch_log_group.lambda",
            "module.lambdas.aws_iam_role.lambda",
            "module.lambdas.aws_iam_role_policy.additional_inline",
            "module.lambdas.aws_iam_role_policy.additional_json",
            "module.lambdas.aws_iam_role_policy.additional_jsons",
            "module.lambdas.aws_iam_role_policy.async",
            "module.lambdas.aws_iam_role_policy.dead_letter",
            "module.lambdas.aws_iam_role_policy.logs",
            "module.lambdas.aws_iam_role_policy.tracing",
            "module.lambdas.aws_iam_role_policy.vpc",
            "module.lambdas.aws_iam_role_policy_attachment.additional_many",
            "module.lambdas.aws_iam_role_policy_attachment.additional_one",
            "module.lambdas.aws_lambda_function.this",
            "module.lambdas.aws_s3_object.lambda_package",
            "module.lambdas.data.aws_arn.log_group_arn",
            "module.lambdas.data.aws_cloudwatch_log_group.lambda",
            "module.lambdas.data.aws_iam_policy.tracing",
            "module.lambdas.data.aws_iam_policy.vpc",
            "module.lambdas.data.aws_iam_policy_document.additional_inline",
            "module.lambdas.data.aws_iam_policy_document.assume_role",
            "module.lambdas.data.aws_iam_policy_document.async",
            "module.lambdas.data.aws_iam_policy_document.dead_letter",
            "module.lambdas.data.aws_iam_policy_document.logs",
            "module.lambdas.data.aws_partition.current",
            "module.lambdas.data.external.archive_prepare",
            "module.lambdas.local_file.archive_plan",
            "module.lambdas.null_resource.archive",
            "module.s3_buckets.aws_s3_bucket.this",
            "module.s3_buckets.random_id.suffix"
          ]
        }
      ]
    },
    {
      "mode": "managed",
      "type": "aws_lambda_permission",
      "name": "s3_invoke_processor",
      "provider": "provider[\"registry.terraform.io/hashicorp/aws\"]",
      "instances": [
        {
          "schema_version": 0,
          "attributes": {
            "action": "lambda:InvokeFunction",
            "event_source_token": null,
            "function_name": "arn:aws:lambda:us-east-1:710563351963:function:invoice-processor",
            "function_url_auth_type": null,
            "id": "AllowS3Invoke",
            "principal": "s3.amazonaws.com",
            "principal_org_id": null,
            "qualifier": "",
            "region": "us-east-1",
            "source_account": null,
            "source_arn": "arn:aws:s3:::factu-table-facturas-1ebd77",
            "statement_id": "AllowS3Invoke",
            "statement_id_prefix": ""
          },
          "sensitive_attributes": [],
          "identity_schema_version": 0,
          "identity": {
            "account_id": "710563351963",
            "function_name": "arn:aws:lambda:us-east-1:710563351963:function:invoice-processor",
            "qualifier": null,
            "region": "us-east-1",
            "statement_id": "AllowS3Invoke"
          },
          "private": "bnVsbA==",
          "dependencies": [
            "aws_cognito_user_pool.user_pool",
            "aws_cognito_user_pool_client.app_client",
            "aws_cognito_user_pool_domain.user_pool_domain",
            "aws_lambda_layer_version.python_dependencies",
            "data.aws_iam_role.academy_role",
            "module.ddb_invoice_jobs.aws_dynamodb_table.autoscaled",
            "module.ddb_invoice_jobs.aws_dynamodb_table.autoscaled_gsi_ignore",
            "module.ddb_invoice_jobs.aws_dynamodb_table.this",
            "module.http_api.aws_apigatewayv2_api.this",
            "module.lambdas.aws_cloudwatch_log_group.lambda",
            "module.lambdas.aws_iam_role.lambda",
            "module.lambdas.aws_iam_role_policy.additional_inline",
            "module.lambdas.aws_iam_role_policy.additional_json",
            "module.lambdas.aws_iam_role_policy.additional_jsons",
            "module.lambdas.aws_iam_role_policy.async",
            "module.lambdas.aws_iam_role_policy.dead_letter",
            "module.lambdas.aws_iam_role_policy.logs",
            "module.lambdas.aws_iam_role_policy.tracing",
            "module.lambdas.aws_iam_role_policy.vpc",
            "module.lambdas.aws_iam_role_policy_attachment.additional_many",
            "module.lambdas.aws_iam_role_policy_attachment.additional_one",
            "module.lambdas.aws_lambda_function.this",
            "module.lambdas.aws_s3_object.lambda_package",
            "module.lambdas.data.aws_arn.log_group_arn",
            "module.lambdas.data.aws_cloudwatch_log_group.lambda",
            "module.lambdas.data.aws_iam_policy.tracing",
            "module.lambdas.data.aws_iam_policy.vpc",
            "module.lambdas.data.aws_iam_policy_document.additional_inline",
            "module.lambdas.data.aws_iam_policy_document.assume_role",
            "module.lambdas.data.aws_iam_policy_document.async",
            "module.lambdas.data.aws_iam_policy_document.dead_letter",
            "module.lambdas.data.aws_iam_policy_document.logs",
            "module.lambdas.data.aws_partition.current",
            "module.lambdas.data.external.archive_prepare",
            "module.lambdas.local_file.archive_plan",
            "module.lambdas.null_resource.archive",
            "module.s3_buckets.aws_s3_bucket.this",
            "module.s3_buckets.random_id.suffix"
          ]
        }
      ]
    },
    {
      "mode": "managed",
      "type": "aws_s3_bucket_notification",
      "name": "uploads_trigger",
      "provider": "provider[\"registry.terraform.io/hashicorp/aws\"]",
      "instances": [
        {
          "schema_version": 0,
          "attributes": {
            "bucket": "factu-table-facturas-1ebd77",
            "eventbridge": false,
            "id": "factu-table-facturas-1ebd77",
            "lambda_function": [
              {
                "events": [
                  "s3:ObjectCreated:*"
                ],
                "filter_prefix": "",
                "filter_suffix": "",
                "id": "tf-s3-lambda-20251022220821694200000001",
                "lambda_function_arn": "arn:aws:lambda:us-east-1:710563351963:function:invoice-processor"
              }
            ],
            "queue": [],
            "region": "us-east-1",
            "topic": []
          },
          "sensitive_attributes": [],
          "identity_schema_version": 0,
          "identity": {
            "account_id": "710563351963",
            "bucket": "factu-table-facturas-1ebd77",
            "region": "us-east-1"
          },
          "private": "bnVsbA==",
          "dependencies": [
            "aws_cognito_user_pool.user_pool",
            "aws_cognito_user_pool_client.app_client",
            "aws_cognito_user_pool_domain.user_pool_domain",
            "aws_lambda_layer_version.python_dependencies",
            "aws_lambda_permission.s3_invoke_processor",
            "data.aws_iam_role.academy_role",
            "module.ddb_invoice_jobs.aws_dynamodb_table.autoscaled",
            "module.ddb_invoice_jobs.aws_dynamodb_table.autoscaled_gsi_ignore",
            "module.ddb_invoice_jobs.aws_dynamodb_table.this",
            "module.http_api.aws_apigatewayv2_api.this",
            "module.lambdas.aws_cloudwatch_log_group.lambda",
            "module.lambdas.aws_iam_role.lambda",
            "module.lambdas.aws_iam_role_policy.additional_inline",
            "module.lambdas.aws_iam_role_policy.additional_json",
            "module.lambdas.aws_iam_role_policy.additional_jsons",
            "module.lambdas.aws_iam_role_policy.async",
            "module.lambdas.aws_iam_role_policy.dead_letter",
            "module.lambdas.aws_iam_role_policy.logs",
            "module.lambdas.aws_iam_role_policy.tracing",
            "module.lambdas.aws_iam_role_policy.vpc",
            "module.lambdas.aws_iam_role_policy_attachment.additional_many",
            "module.lambdas.aws_iam_role_policy_attachment.additional_one",
            "module.lambdas.aws_lambda_function.this",
            "module.lambdas.aws_s3_object.lambda_package",
            "module.lambdas.data.aws_arn.log_group_arn",
            "module.lambdas.data.aws_cloudwatch_log_group.lambda",
            "module.lambdas.data.aws_iam_policy.tracing",
            "module.lambdas.data.aws_iam_policy.vpc",
            "module.lambdas.data.aws_iam_policy_document.additional_inline",
            "module.lambdas.data.aws_iam_policy_document.assume_role",
            "module.lambdas.data.aws_iam_policy_document.async",
            "module.lambdas.data.aws_iam_policy_document.dead_letter",
            "module.lambdas.data.aws_iam_policy_document.logs",
            "module.lambdas.data.aws_partition.current",
            "module.lambdas.data.external.archive_prepare",
            "module.lambdas.local_file.archive_plan",
            "module.lambdas.null_resource.archive",
            "module.s3_buckets.aws_s3_bucket.this",
            "module.s3_buckets.random_id.suffix"
          ]
        }
      ]
    },
    {
      "module": "module.ddb_invoice_jobs",
      "mode": "managed",
      "type": "aws_dynamodb_table",
      "name": "this",
      "provider": "provider[\"registry.terraform.io/hashicorp/aws\"]",
      "instances": [
        {
          "index_key": 0,
          "schema_version": 1,
          "attributes": {
            "arn": "arn:aws:dynamodb:us-east-1:710563351963:table/InvoiceJobs",
            "attribute": [
              {
                "name": "PK",
                "type": "S"
              },
              {
                "name": "SK",
                "type": "S"
              },
              {
                "name": "groupKey",
                "type": "S"
              },
              {
                "name": "userId",
                "type": "S"
              }
            ],
            "billing_mode": "PAY_PER_REQUEST",
            "deletion_protection_enabled": false,
            "global_secondary_index": [
              {
                "hash_key": "PK",
                "name": "GSI_InvoiceId",
                "non_key_attributes": [],
                "on_demand_throughput": [],
                "projection_type": "ALL",
                "range_key": "SK",
                "read_capacity": 0,
                "warm_throughput": [],
                "write_capacity": 0
              },
              {
                "hash_key": "userId",
                "name": "GSI_User_Group",
                "non_key_attributes": [],
                "on_demand_throughput": [],
                "projection_type": "ALL",
                "range_key": "groupKey",
                "read_capacity": 0,
                "warm_throughput": [],
                "write_capacity": 0
              }
            ],
            "hash_key": "PK",
            "id": "InvoiceJobs",
            "import_table": [],
            "local_secondary_index": [],
            "name": "InvoiceJobs",
            "on_demand_throughput": [],
            "point_in_time_recovery": [
              {
                "enabled": false,
                "recovery_period_in_days": 0
              }
            ],
            "range_key": "SK",
            "read_capacity": 0,
            "region": "us-east-1",
            "replica": [],
            "restore_date_time": null,
            "restore_source_name": null,
            "restore_source_table_arn": null,
            "restore_to_latest_time": null,
            "server_side_encryption": [],
            "stream_arn": "",
            "stream_enabled": false,
            "stream_label": "",
            "stream_view_type": "",
            "table_class": "STANDARD",
            "tags": {
              "Environment": "production",
              "Name": "InvoiceJobs",
              "Project": "FactuTable"
            },
            "tags_all": {
              "Environment": "production",
              "Name": "InvoiceJobs",
              "Project": "FactuTable"
            },
            "timeouts": {
              "create": "10m",
              "delete": "10m",
              "update": "60m"
            },
            "ttl": [
              {
                "attribute_name": "",
                "enabled": false
              }
            ],
            "warm_throughput": [],
            "write_capacity": 0
          },
          "sensitive_attributes": [],
          "identity_schema_version": 0,
          "private": "eyJlMmJmYjczMC1lY2FhLTExZTYtOGY4OC0zNDM2M2JjN2M0YzAiOnsiY3JlYXRlIjo2MDAwMDAwMDAwMDAsImRlbGV0ZSI6NjAwMDAwMDAwMDAwLCJ1cGRhdGUiOjM2MDAwMDAwMDAwMDB9LCJzY2hlbWFfdmVyc2lvbiI6IjEifQ==",
          "create_before_destroy": true
        }
      ]
    },
    {
      "module": "module.http_api",
      "mode": "managed",
      "type": "aws_apigatewayv2_api",
      "name": "this",
      "provider": "provider[\"registry.terraform.io/hashicorp/aws\"]",
      "instances": [
        {
          "index_key": 0,
          "schema_version": 0,
          "attributes": {
            "api_endpoint": "https://f5o8rmaoa4.execute-api.us-east-1.amazonaws.com",
            "api_key_selection_expression": "$request.header.x-api-key",
            "arn": "arn:aws:apigateway:us-east-1::/apis/f5o8rmaoa4",
            "body": null,
            "cors_configuration": [
              {
                "allow_credentials": false,
                "allow_headers": [
                  "authorization",
                  "content-type"
                ],
                "allow_methods": [
                  "GET",
                  "OPTIONS",
                  "POST",
                  "PUT"
                ],
                "allow_origins": [
                  "*"
                ],
                "expose_headers": [],
                "max_age": 0
              }
            ],
            "credentials_arn": null,
            "description": "",
            "disable_execute_api_endpoint": false,
            "execution_arn": "arn:aws:execute-api:us-east-1:710563351963:f5o8rmaoa4",
            "fail_on_warnings": null,
            "id": "f5o8rmaoa4",
            "ip_address_type": "ipv4",
            "name": "factutable-api",
            "protocol_type": "HTTP",
            "region": "us-east-1",
            "route_key": null,
            "route_selection_expression": "$request.method $request.path",
            "tags": {
              "Environment": "production",
              "Project": "FactuTable",
              "terraform-aws-modules": "apigateway-v2"
            },
            "tags_all": {
              "Environment": "production",
              "Project": "FactuTable",
              "terraform-aws-modules": "apigateway-v2"
            },
            "target": null,
            "version": ""
          },
          "sensitive_attributes": [],
          "identity_schema_version": 0,
          "private": "bnVsbA==",
          "create_before_destroy": true
        }
      ]
    },
    {
      "module": "module.http_api",
      "mode": "managed",
      "type": "aws_apigatewayv2_authorizer",
      "name": "this",
      "provider": "provider[\"registry.terraform.io/hashicorp/aws\"]",
      "instances": [
        {
          "index_key": "cognito",
          "schema_version": 0,
          "attributes": {
            "api_id": "f5o8rmaoa4",
            "authorizer_credentials_arn": "",
            "authorizer_payload_format_version": "",
            "authorizer_result_ttl_in_seconds": 0,
            "authorizer_type": "JWT",
            "authorizer_uri": "",
            "enable_simple_responses": false,
            "id": "3k8j88",
            "identity_sources": [
              "$request.header.Authorization"
            ],
            "jwt_configuration": [
              {
                "audience": [
                  "7nilk1q7pj4k2adn54ocjhkg0u"
                ],
                "issuer": "https://cognito-idp.us-east-1.amazonaws.com/us-east-1_5M9YXKeOe"
              }
            ],
            "name": "cognito-jwt",
            "region": "us-east-1",
            "timeouts": null
          },
          "sensitive_attributes": [],
          "identity_schema_version": 0,
          "private": "eyJlMmJmYjczMC1lY2FhLTExZTYtOGY4OC0zNDM2M2JjN2M0YzAiOnsiZGVsZXRlIjoxODAwMDAwMDAwMDAwfX0=",
          "dependencies": [
            "aws_cognito_user_pool.user_pool",
            "aws_cognito_user_pool_client.app_client",
            "data.aws_region.current",
            "module.http_api.aws_apigatewayv2_api.this"
          ],
          "create_before_destroy": true
        }
      ]
    },
    {
      "module": "module.http_api",
      "mode": "managed",
      "type": "aws_apigatewayv2_stage",
      "name": "this",
      "provider": "provider[\"registry.terraform.io/hashicorp/aws\"]",
      "instances": [
        {
          "index_key": 0,
          "schema_version": 0,
          "attributes": {
            "access_log_settings": [
              {
                "destination_arn": "arn:aws:logs:us-east-1:710563351963:log-group:/aws/apigateway/factutable-api/default",
                "format": "{\"context\":{\"domainName\":\"$context.domainName\",\"error\":{\"message\":\"$context.error.message\",\"responseType\":\"$context.error.responseType\"},\"identity\":{\"sourceIP\":\"$context.identity.sourceIp\"},\"integration\":{\"error\":\"$context.integration.error\",\"integrationStatus\":\"$context.integration.integrationStatus\"},\"integrationErrorMessage\":\"$context.integrationErrorMessage\",\"protocol\":\"$context.protocol\",\"requestId\":\"$context.requestId\",\"requestTime\":\"$context.requestTime\",\"responseLength\":\"$context.responseLength\",\"routeKey\":\"$context.routeKey\",\"stage\":\"$context.stage\",\"status\":\"$context.status\"}}"
              }
            ],
            "api_id": "f5o8rmaoa4",
            "arn": "arn:aws:apigateway:us-east-1::/apis/f5o8rmaoa4/stages/$default",
            "auto_deploy": true,
            "client_certificate_id": "",
            "default_route_settings": [
              {
                "data_trace_enabled": false,
                "detailed_metrics_enabled": true,
                "logging_level": "",
                "throttling_burst_limit": 500,
                "throttling_rate_limit": 1000
              }
            ],
            "deployment_id": "xrl1a9",
            "description": "",
            "execution_arn": "arn:aws:execute-api:us-east-1:710563351963:f5o8rmaoa4/$default",
            "id": "$default",
            "invoke_url": "https://f5o8rmaoa4.execute-api.us-east-1.amazonaws.com/",
            "name": "$default",
            "region": "us-east-1",
            "route_settings": [],
            "stage_variables": {},
            "tags": {
              "Environment": "production",
              "Project": "FactuTable"
            },
            "tags_all": {
              "Environment": "production",
              "Project": "FactuTable"
            }
          },
          "sensitive_attributes": [],
          "identity_schema_version": 0,
          "private": "bnVsbA==",
          "dependencies": [
            "aws_cognito_user_pool.user_pool",
            "aws_cognito_user_pool_client.app_client",
            "data.aws_region.current",
            "module.http_api.aws_apigatewayv2_api.this",
            "module.http_api.aws_apigatewayv2_authorizer.this",
            "module.http_api.aws_apigatewayv2_deployment.this",
            "module.http_api.aws_apigatewayv2_integration.this",
            "module.http_api.aws_apigatewayv2_route.this",
            "module.http_api.aws_apigatewayv2_route_response.this",
            "module.http_api.aws_apigatewayv2_vpc_link.this",
            "module.http_api.aws_cloudwatch_log_group.this"
          ]
        }
      ]
    },
    {
      "module": "module.http_api",
      "mode": "managed",
      "type": "aws_cloudwatch_log_group",
      "name": "this",
      "provider": "provider[\"registry.terraform.io/hashicorp/aws\"]",
      "instances": [
        {
          "index_key": "this",
          "schema_version": 0,
          "attributes": {
            "arn": "arn:aws:logs:us-east-1:710563351963:log-group:/aws/apigateway/factutable-api/default",
            "id": "/aws/apigateway/factutable-api/default",
            "kms_key_id": "",
            "log_group_class": "STANDARD",
            "name": "/aws/apigateway/factutable-api/default",
            "name_prefix": "",
            "region": "us-east-1",
            "retention_in_days": 30,
            "skip_destroy": false,
            "tags": {
              "Environment": "production",
              "Project": "FactuTable"
            },
            "tags_all": {
              "Environment": "production",
              "Project": "FactuTable"
            }
          },
          "sensitive_attributes": [],
          "identity_schema_version": 0,
          "identity": {
            "account_id": "710563351963",
            "name": "/aws/apigateway/factutable-api/default",
            "region": "us-east-1"
          },
          "private": "bnVsbA=="
        }
      ]
    },
    {
      "module": "module.lambdas[\"cognito-post-auth\"]",
      "mode": "data",
      "type": "aws_caller_identity",
      "name": "current",
      "provider": "provider[\"registry.terraform.io/hashicorp/aws\"]",
      "instances": [
        {
          "schema_version": 0,
          "attributes": {
            "account_id": "710563351963",
            "arn": "arn:aws:sts::710563351963:assumed-role/voclabs/user4337969=pcurti@itba.edu.ar",
            "id": "710563351963",
            "user_id": "AROA2K4HAJWNZZEVEUKMH:user4337969=pcurti@itba.edu.ar"
          },
          "sensitive_attributes": [],
          "identity_schema_version": 0
        }
      ]
    },
    {
      "module": "module.lambdas[\"cognito-post-auth\"]",
      "mode": "data",
      "type": "aws_partition",
      "name": "current",
      "provider": "provider[\"registry.terraform.io/hashicorp/aws\"]",
      "instances": [
        {
          "schema_version": 0,
          "attributes": {
            "dns_suffix": "amazonaws.com",
            "id": "aws",
            "partition": "aws",
            "reverse_dns_prefix": "com.amazonaws"
          },
          "sensitive_attributes": [],
          "identity_schema_version": 0
        }
      ]
    },
    {
      "module": "module.lambdas[\"cognito-post-auth\"]",
      "mode": "data",
      "type": "aws_region",
      "name": "current",
      "provider": "provider[\"registry.terraform.io/hashicorp/aws\"]",
      "instances": [
        {
          "schema_version": 0,
          "attributes": {
            "description": "US East (N. Virginia)",
            "endpoint": "ec2.us-east-1.amazonaws.com",
            "id": "us-east-1",
            "name": "us-east-1",
            "region": "us-east-1"
          },
          "sensitive_attributes": [],
          "identity_schema_version": 0
        }
      ]
    },
    {
      "module": "module.lambdas[\"cognito-post-auth\"]",
      "mode": "data",
      "type": "external",
      "name": "archive_prepare",
      "provider": "provider[\"registry.terraform.io/hashicorp/external\"]",
      "instances": [
        {
          "index_key": 0,
          "schema_version": 0,
          "attributes": {
            "id": "-",
            "program": [
              "python3",
              ".terraform/modules/lambdas/package.py",
              "prepare"
            ],
            "query": {
              "artifacts_dir": "builds",
              "docker": null,
              "hash_extra": "",
              "hash_extra_paths": "[]",
              "paths": "{\"cwd\":\"/home/kerty/projects/cloud-terraform/production\",\"module\":\".terraform/modules/lambdas\",\"root\":\".\"}",
              "recreate_missing_package": "true",
              "runtime": "python3.13",
              "source_path": "\"../src/lambda-cognito-hook\""
            },
            "result": {
              "build_plan": "{\"filename\": \"builds/feeb0bb53c5bd9c22faac2df18854c3b880e0d5550178f12a745ddbbb5210122.zip\", \"runtime\": \"python3.13\", \"artifacts_dir\": \"builds\", \"build_plan\": [[[\"zip\", \"../src/lambda-cognito-hook\", null]]]}",
              "build_plan_filename": "builds/feeb0bb53c5bd9c22faac2df18854c3b880e0d5550178f12a745ddbbb5210122.plan.json",
              "filename": "builds/feeb0bb53c5bd9c22faac2df18854c3b880e0d5550178f12a745ddbbb5210122.zip",
              "timestamp": "1761185784271420000",
              "was_missing": "false"
            },
            "working_dir": null
          },
          "sensitive_attributes": [],
          "identity_schema_version": 0
        }
      ]
    },
    {
      "module": "module.lambdas[\"cognito-post-auth\"]",
      "mode": "managed",
      "type": "aws_cloudwatch_log_group",
      "name": "lambda",
      "provider": "provider[\"registry.terraform.io/hashicorp/aws\"]",
      "instances": [
        {
          "index_key": 0,
          "schema_version": 0,
          "attributes": {
            "arn": "arn:aws:logs:us-east-1:710563351963:log-group:/aws/lambda/cognito-post-auth",
            "id": "/aws/lambda/cognito-post-auth",
            "kms_key_id": "",
            "log_group_class": "STANDARD",
            "name": "/aws/lambda/cognito-post-auth",
            "name_prefix": "",
            "region": "us-east-1",
            "retention_in_days": 0,
            "skip_destroy": false,
            "tags": {
              "Environment": "production",
              "Project": "FactuTable"
            },
            "tags_all": {
              "Environment": "production",
              "Project": "FactuTable"
            }
          },
          "sensitive_attributes": [],
          "identity_schema_version": 0,
          "identity": {
            "account_id": "710563351963",
            "name": "/aws/lambda/cognito-post-auth",
            "region": "us-east-1"
          },
          "private": "bnVsbA==",
          "create_before_destroy": true
        }
      ]
    },
    {
      "module": "module.lambdas[\"cognito-post-auth\"]",
      "mode": "managed",
      "type": "aws_lambda_function",
      "name": "this",
      "provider": "provider[\"registry.terraform.io/hashicorp/aws\"]",
      "instances": [
        {
          "index_key": 0,
          "schema_version": 0,
          "attributes": {
            "architectures": [
              "x86_64"
            ],
            "arn": "arn:aws:lambda:us-east-1:710563351963:function:cognito-post-auth",
            "code_sha256": "yIHjQd3Bn47FeRxT5X1pJpJhsx50yA3s4XI6PtWsn4o=",
            "code_signing_config_arn": "",
            "dead_letter_config": [],
            "description": "",
            "environment": [
              {
                "variables": {
                  "COGNITO_CLIENT_ID": "7nilk1q7pj4k2adn54ocjhkg0u",
                  "COGNITO_DOMAIN": "factutable-auth",
                  "COGNITO_REDIRECT_URI": "https://f5o8rmaoa4.execute-api.us-east-1.amazonaws.com/prod/auth/callback",
                  "COGNITO_USER_POOL_ID": "us-east-1_5M9YXKeOe",
                  "SPA_URL": "http://localhost:3000",
                  "UPLOAD_BUCKET": "factu-table-facturas-1ebd77"
                }
              }
            ],
            "ephemeral_storage": [
              {
                "size": 512
              }
            ],
            "file_system_config": [],
            "filename": "builds/feeb0bb53c5bd9c22faac2df18854c3b880e0d5550178f12a745ddbbb5210122.zip",
            "function_name": "cognito-post-auth",
            "handler": "main.handler",
            "id": "cognito-post-auth",
            "image_config": [],
            "image_uri": "",
            "invoke_arn": "arn:aws:apigateway:us-east-1:lambda:path/2015-03-31/functions/arn:aws:lambda:us-east-1:710563351963:function:cognito-post-auth/invocations",
            "kms_key_arn": "",
            "last_modified": "2025-10-23T02:53:23.000+0000",
            "layers": [
              "arn:aws:lambda:us-east-1:710563351963:layer:python-dependencies:3"
            ],
            "logging_config": [
              {
                "application_log_level": "",
                "log_format": "Text",
                "log_group": "/aws/lambda/cognito-post-auth",
                "system_log_level": ""
              }
            ],
            "memory_size": 128,
            "package_type": "Zip",
            "publish": false,
            "qualified_arn": "arn:aws:lambda:us-east-1:710563351963:function:cognito-post-auth:$LATEST",
            "qualified_invoke_arn": "arn:aws:apigateway:us-east-1:lambda:path/2015-03-31/functions/arn:aws:lambda:us-east-1:710563351963:function:cognito-post-auth:$LATEST/invocations",
            "region": "us-east-1",
            "replace_security_groups_on_destroy": null,
            "replacement_security_group_ids": null,
            "reserved_concurrent_executions": -1,
            "role": "arn:aws:iam::710563351963:role/LabRole",
            "runtime": "python3.13",
            "s3_bucket": null,
            "s3_key": null,
            "s3_object_version": null,
            "signing_job_arn": "",
            "signing_profile_version_arn": "",
            "skip_destroy": false,
            "snap_start": [],
            "source_code_hash": "yIHjQd3Bn47FeRxT5X1pJpJhsx50yA3s4XI6PtWsn4o=",
            "source_code_size": 1544,
            "source_kms_key_arn": "",
            "tags": {
              "Environment": "production",
              "Project": "FactuTable",
              "terraform-aws-modules": "lambda"
            },
            "tags_all": {
              "Environment": "production",
              "Project": "FactuTable",
              "terraform-aws-modules": "lambda"
            },
            "timeout": 3,
            "timeouts": null,
            "tracing_config": [
              {
                "mode": "PassThrough"
              }
            ],
            "version": "$LATEST",
            "vpc_config": []
          },
          "sensitive_attributes": [],
          "identity_schema_version": 0,
          "identity": {
            "account_id": "710563351963",
            "function_name": "cognito-post-auth",
            "region": "us-east-1"
          },
          "private": "eyJlMmJmYjczMC1lY2FhLTExZTYtOGY4OC0zNDM2M2JjN2M0YzAiOnsiY3JlYXRlIjo2MDAwMDAwMDAwMDAsImRlbGV0ZSI6NjAwMDAwMDAwMDAwLCJ1cGRhdGUiOjYwMDAwMDAwMDAwMH19",
          "dependencies": [
            "aws_cognito_user_pool.user_pool",
            "aws_cognito_user_pool_client.app_client",
            "aws_cognito_user_pool_domain.user_pool_domain",
            "aws_lambda_layer_version.python_dependencies",
            "data.aws_iam_role.academy_role",
            "module.ddb_invoice_jobs.aws_dynamodb_table.autoscaled",
            "module.ddb_invoice_jobs.aws_dynamodb_table.autoscaled_gsi_ignore",
            "module.ddb_invoice_jobs.aws_dynamodb_table.this",
            "module.http_api.aws_apigatewayv2_api.this",
            "module.lambdas.aws_cloudwatch_log_group.lambda",
            "module.lambdas.aws_iam_role.lambda",
            "module.lambdas.aws_iam_role_policy.additional_inline",
            "module.lambdas.aws_iam_role_policy.additional_json",
            "module.lambdas.aws_iam_role_policy.additional_jsons",
            "module.lambdas.aws_iam_role_policy.async",
            "module.lambdas.aws_iam_role_policy.dead_letter",
            "module.lambdas.aws_iam_role_policy.logs",
            "module.lambdas.aws_iam_role_policy.tracing",
            "module.lambdas.aws_iam_role_policy.vpc",
            "module.lambdas.aws_iam_role_policy_attachment.additional_many",
            "module.lambdas.aws_iam_role_policy_attachment.additional_one",
            "module.lambdas.aws_s3_object.lambda_package",
            "module.lambdas.data.aws_arn.log_group_arn",
            "module.lambdas.data.aws_cloudwatch_log_group.lambda",
            "module.lambdas.data.aws_iam_policy.tracing",
            "module.lambdas.data.aws_iam_policy.vpc",
            "module.lambdas.data.aws_iam_policy_document.additional_inline",
            "module.lambdas.data.aws_iam_policy_document.assume_role",
            "module.lambdas.data.aws_iam_policy_document.async",
            "module.lambdas.data.aws_iam_policy_document.dead_letter",
            "module.lambdas.data.aws_iam_policy_document.logs",
            "module.lambdas.data.aws_partition.current",
            "module.lambdas.data.external.archive_prepare",
            "module.lambdas.local_file.archive_plan",
            "module.lambdas.null_resource.archive",
            "module.s3_buckets.aws_s3_bucket.this",
            "module.s3_buckets.random_id.suffix"
          ],
          "create_before_destroy": true
        }
      ]
    },
    {
      "module": "module.lambdas[\"cognito-post-auth\"]",
      "mode": "managed",
      "type": "local_file",
      "name": "archive_plan",
      "provider": "provider[\"registry.terraform.io/hashicorp/local\"]",
      "instances": [
        {
          "index_key": 0,
          "schema_version": 0,
          "attributes": {
            "content": "{\"filename\": \"builds/feeb0bb53c5bd9c22faac2df18854c3b880e0d5550178f12a745ddbbb5210122.zip\", \"runtime\": \"python3.13\", \"artifacts_dir\": \"builds\", \"build_plan\": [[[\"zip\", \"../src/lambda-cognito-hook\", null]]]}",
            "content_base64": null,
            "content_base64sha256": "U65NC5dSc2nPFgD8Uxp+rYjB4NQuGZsoCrj8ipvUeTA=",
            "content_base64sha512": "kOB3gvY/W5U3rp1vr29lDtpDLYkP8LfTuMoeQW1qGIn1VgJqw+55SMK96TCFttrrX/2aGqkXplvunSmSoKj8pg==",
            "content_md5": "59e1083eb2805ab6428a5cf062197daf",
            "content_sha1": "b962b9c1551e3c4a1754980c6f279ae1cb7acaf0",
            "content_sha256": "53ae4d0b97527369cf1600fc531a7ead88c1e0d42e199b280ab8fc8a9bd47930",
            "content_sha512": "90e07782f63f5b9537ae9d6faf6f650eda432d890ff0b7d3b8ca1e416d6a1889f556026ac3ee7948c2bde93085b6daeb5ffd9a1aa917a65bee9d2992a0a8fca6",
            "directory_permission": "0755",
            "file_permission": "0644",
            "filename": "builds/feeb0bb53c5bd9c22faac2df18854c3b880e0d5550178f12a745ddbbb5210122.plan.json",
            "id": "b962b9c1551e3c4a1754980c6f279ae1cb7acaf0",
            "sensitive_content": null,
            "source": null
          },
          "sensitive_attributes": [
            [
              {
                "type": "get_attr",
                "value": "content"
              }
            ],
            [
              {
                "type": "get_attr",
                "value": "sensitive_content"
              }
            ]
          ],
          "identity_schema_version": 0,
          "dependencies": [
            "module.lambdas.data.external.archive_prepare"
          ],
          "create_before_destroy": true
        }
      ]
    },
    {
      "module": "module.lambdas[\"cognito-post-auth\"]",
      "mode": "managed",
      "type": "null_resource",
      "name": "archive",
      "provider": "provider[\"registry.terraform.io/hashicorp/null\"]",
      "instances": [
        {
          "index_key": 0,
          "schema_version": 0,
          "attributes": {
            "id": "5035583336226925325",
            "triggers": {
              "filename": "builds/feeb0bb53c5bd9c22faac2df18854c3b880e0d5550178f12a745ddbbb5210122.zip",
              "timestamp": "1761185784271420000"
            }
          },
          "sensitive_attributes": [],
          "identity_schema_version": 0,
          "dependencies": [
            "module.lambdas.data.external.archive_prepare",
            "module.lambdas.local_file.archive_plan"
          ],
          "create_before_destroy": true
        }
      ]
    },
    {
      "module": "module.lambdas[\"database-writer\"]",
      "mode": "data",
      "type": "aws_caller_identity",
      "name": "current",
      "provider": "provider[\"registry.terraform.io/hashicorp/aws\"]",
      "instances": [
        {
          "schema_version": 0,
          "attributes": {
            "account_id": "710563351963",
            "arn": "arn:aws:sts::710563351963:assumed-role/voclabs/user4337969=pcurti@itba.edu.ar",
            "id": "710563351963",
            "user_id": "AROA2K4HAJWNZZEVEUKMH:user4337969=pcurti@itba.edu.ar"
          },
          "sensitive_attributes": [],
          "identity_schema_version": 0
        }
      ]
    },
    {
      "module": "module.lambdas[\"database-writer\"]",
      "mode": "data",
      "type": "aws_partition",
      "name": "current",
      "provider": "provider[\"registry.terraform.io/hashicorp/aws\"]",
      "instances": [
        {
          "schema_version": 0,
          "attributes": {
            "dns_suffix": "amazonaws.com",
            "id": "aws",
            "partition": "aws",
            "reverse_dns_prefix": "com.amazonaws"
          },
          "sensitive_attributes": [],
          "identity_schema_version": 0
        }
      ]
    },
    {
      "module": "module.lambdas[\"database-writer\"]",
      "mode": "data",
      "type": "aws_region",
      "name": "current",
      "provider": "provider[\"registry.terraform.io/hashicorp/aws\"]",
      "instances": [
        {
          "schema_version": 0,
          "attributes": {
            "description": "US East (N. Virginia)",
            "endpoint": "ec2.us-east-1.amazonaws.com",
            "id": "us-east-1",
            "name": "us-east-1",
            "region": "us-east-1"
          },
          "sensitive_attributes": [],
          "identity_schema_version": 0
        }
      ]
    },
    {
      "module": "module.lambdas[\"database-writer\"]",
      "mode": "data",
      "type": "external",
      "name": "archive_prepare",
      "provider": "provider[\"registry.terraform.io/hashicorp/external\"]",
      "instances": [
        {
          "index_key": 0,
          "schema_version": 0,
          "attributes": {
            "id": "-",
            "program": [
              "python3",
              ".terraform/modules/lambdas/package.py",
              "prepare"
            ],
            "query": {
              "artifacts_dir": "builds",
              "docker": null,
              "hash_extra": "",
              "hash_extra_paths": "[]",
              "paths": "{\"cwd\":\"/home/kerty/projects/cloud-terraform/production\",\"module\":\".terraform/modules/lambdas\",\"root\":\".\"}",
              "recreate_missing_package": "true",
              "runtime": "python3.13",
              "source_path": "\"../src/lambda-database-writer\""
            },
            "result": {
              "build_plan": "{\"filename\": \"builds/9ff56b6091a9de970e3e214d32450decf0452af2c6f8ed412edda9cc145bdb87.zip\", \"runtime\": \"python3.13\", \"artifacts_dir\": \"builds\", \"build_plan\": [[[\"pip\", \"python3.13\", \"../src/lambda-database-writer/requirements.txt\", null, null], [\"zip\", \"../src/lambda-database-writer\", null]]]}",
              "build_plan_filename": "builds/9ff56b6091a9de970e3e214d32450decf0452af2c6f8ed412edda9cc145bdb87.plan.json",
              "filename": "builds/9ff56b6091a9de970e3e214d32450decf0452af2c6f8ed412edda9cc145bdb87.zip",
              "timestamp": "1761180632045981800",
              "was_missing": "false"
            },
            "working_dir": null
          },
          "sensitive_attributes": [],
          "identity_schema_version": 0
        }
      ]
    },
    {
      "module": "module.lambdas[\"database-writer\"]",
      "mode": "managed",
      "type": "aws_cloudwatch_log_group",
      "name": "lambda",
      "provider": "provider[\"registry.terraform.io/hashicorp/aws\"]",
      "instances": [
        {
          "index_key": 0,
          "schema_version": 0,
          "attributes": {
            "arn": "arn:aws:logs:us-east-1:710563351963:log-group:/aws/lambda/database-writer",
            "id": "/aws/lambda/database-writer",
            "kms_key_id": "",
            "log_group_class": "STANDARD",
            "name": "/aws/lambda/database-writer",
            "name_prefix": "",
            "region": "us-east-1",
            "retention_in_days": 0,
            "skip_destroy": false,
            "tags": {
              "Environment": "production",
              "Project": "FactuTable"
            },
            "tags_all": {
              "Environment": "production",
              "Project": "FactuTable"
            }
          },
          "sensitive_attributes": [],
          "identity_schema_version": 0,
          "identity": {
            "account_id": "710563351963",
            "name": "/aws/lambda/database-writer",
            "region": "us-east-1"
          },
          "private": "bnVsbA==",
          "create_before_destroy": true
        }
      ]
    },
    {
      "module": "module.lambdas[\"database-writer\"]",
      "mode": "managed",
      "type": "aws_lambda_function",
      "name": "this",
      "provider": "provider[\"registry.terraform.io/hashicorp/aws\"]",
      "instances": [
        {
          "index_key": 0,
          "schema_version": 0,
          "attributes": {
            "architectures": [
              "x86_64"
            ],
            "arn": "arn:aws:lambda:us-east-1:710563351963:function:database-writer",
            "code_sha256": "ZKUVQDwq2sscezOCzZtF4wEQIm50jz2P9Y2SKI6z3l4=",
            "code_signing_config_arn": "",
            "dead_letter_config": [],
            "description": "",
            "environment": [
              {
                "variables": {
                  "COGNITO_CLIENT_ID": "7nilk1q7pj4k2adn54ocjhkg0u",
                  "COGNITO_DOMAIN": "factutable-auth",
                  "COGNITO_REDIRECT_URI": "https://f5o8rmaoa4.execute-api.us-east-1.amazonaws.com/prod/auth/callback",
                  "COGNITO_USER_POOL_ID": "us-east-1_5M9YXKeOe",
                  "TABLE_NAME": "InvoiceJobs",
                  "UPLOAD_BUCKET": "factu-table-facturas-1ebd77"
                }
              }
            ],
            "ephemeral_storage": [
              {
                "size": 512
              }
            ],
            "file_system_config": [],
            "filename": "builds/9ff56b6091a9de970e3e214d32450decf0452af2c6f8ed412edda9cc145bdb87.zip",
            "function_name": "database-writer",
            "handler": "main.handler",
            "id": "database-writer",
            "image_config": [],
            "image_uri": "",
            "invoke_arn": "arn:aws:apigateway:us-east-1:lambda:path/2015-03-31/functions/arn:aws:lambda:us-east-1:710563351963:function:database-writer/invocations",
            "kms_key_arn": "",
            "last_modified": "2025-10-23T01:36:53.000+0000",
            "layers": [
              "arn:aws:lambda:us-east-1:710563351963:layer:python-dependencies:3"
            ],
            "logging_config": [
              {
                "application_log_level": "",
                "log_format": "Text",
                "log_group": "/aws/lambda/database-writer",
                "system_log_level": ""
              }
            ],
            "memory_size": 128,
            "package_type": "Zip",
            "publish": false,
            "qualified_arn": "arn:aws:lambda:us-east-1:710563351963:function:database-writer:$LATEST",
            "qualified_invoke_arn": "arn:aws:apigateway:us-east-1:lambda:path/2015-03-31/functions/arn:aws:lambda:us-east-1:710563351963:function:database-writer:$LATEST/invocations",
            "region": "us-east-1",
            "replace_security_groups_on_destroy": null,
            "replacement_security_group_ids": null,
            "reserved_concurrent_executions": -1,
            "role": "arn:aws:iam::710563351963:role/LabRole",
            "runtime": "python3.13",
            "s3_bucket": null,
            "s3_key": null,
            "s3_object_version": null,
            "signing_job_arn": "",
            "signing_profile_version_arn": "",
            "skip_destroy": false,
            "snap_start": [],
            "source_code_hash": "ZKUVQDwq2sscezOCzZtF4wEQIm50jz2P9Y2SKI6z3l4=",
            "source_code_size": 234734,
            "source_kms_key_arn": "",
            "tags": {
              "Environment": "production",
              "Project": "FactuTable",
              "terraform-aws-modules": "lambda"
            },
            "tags_all": {
              "Environment": "production",
              "Project": "FactuTable",
              "terraform-aws-modules": "lambda"
            },
            "timeout": 3,
            "timeouts": null,
            "tracing_config": [
              {
                "mode": "PassThrough"
              }
            ],
            "version": "$LATEST",
            "vpc_config": []
          },
          "sensitive_attributes": [],
          "identity_schema_version": 0,
          "identity": {
            "account_id": "710563351963",
            "function_name": "database-writer",
            "region": "us-east-1"
          },
          "private": "eyJlMmJmYjczMC1lY2FhLTExZTYtOGY4OC0zNDM2M2JjN2M0YzAiOnsiY3JlYXRlIjo2MDAwMDAwMDAwMDAsImRlbGV0ZSI6NjAwMDAwMDAwMDAwLCJ1cGRhdGUiOjYwMDAwMDAwMDAwMH19",
          "dependencies": [
            "aws_cognito_user_pool.user_pool",
            "aws_cognito_user_pool_client.app_client",
            "aws_cognito_user_pool_domain.user_pool_domain",
            "aws_lambda_layer_version.python_dependencies",
            "data.aws_iam_role.academy_role",
            "module.ddb_invoice_jobs.aws_dynamodb_table.autoscaled",
            "module.ddb_invoice_jobs.aws_dynamodb_table.autoscaled_gsi_ignore",
            "module.ddb_invoice_jobs.aws_dynamodb_table.this",
            "module.http_api.aws_apigatewayv2_api.this",
            "module.lambdas.aws_cloudwatch_log_group.lambda",
            "module.lambdas.aws_iam_role.lambda",
            "module.lambdas.aws_iam_role_policy.additional_inline",
            "module.lambdas.aws_iam_role_policy.additional_json",
            "module.lambdas.aws_iam_role_policy.additional_jsons",
            "module.lambdas.aws_iam_role_policy.async",
            "module.lambdas.aws_iam_role_policy.dead_letter",
            "module.lambdas.aws_iam_role_policy.logs",
            "module.lambdas.aws_iam_role_policy.tracing",
            "module.lambdas.aws_iam_role_policy.vpc",
            "module.lambdas.aws_iam_role_policy_attachment.additional_many",
            "module.lambdas.aws_iam_role_policy_attachment.additional_one",
            "module.lambdas.aws_s3_object.lambda_package",
            "module.lambdas.data.aws_arn.log_group_arn",
            "module.lambdas.data.aws_cloudwatch_log_group.lambda",
            "module.lambdas.data.aws_iam_policy.tracing",
            "module.lambdas.data.aws_iam_policy.vpc",
            "module.lambdas.data.aws_iam_policy_document.additional_inline",
            "module.lambdas.data.aws_iam_policy_document.assume_role",
            "module.lambdas.data.aws_iam_policy_document.async",
            "module.lambdas.data.aws_iam_policy_document.dead_letter",
            "module.lambdas.data.aws_iam_policy_document.logs",
            "module.lambdas.data.aws_partition.current",
            "module.lambdas.data.external.archive_prepare",
            "module.lambdas.local_file.archive_plan",
            "module.lambdas.null_resource.archive",
            "module.s3_buckets.aws_s3_bucket.this",
            "module.s3_buckets.random_id.suffix"
          ],
          "create_before_destroy": true
        }
      ]
    },
    {
      "module": "module.lambdas[\"database-writer\"]",
      "mode": "managed",
      "type": "local_file",
      "name": "archive_plan",
      "provider": "provider[\"registry.terraform.io/hashicorp/local\"]",
      "instances": [
        {
          "index_key": 0,
          "schema_version": 0,
          "attributes": {
            "content": "{\"filename\": \"builds/9ff56b6091a9de970e3e214d32450decf0452af2c6f8ed412edda9cc145bdb87.zip\", \"runtime\": \"python3.13\", \"artifacts_dir\": \"builds\", \"build_plan\": [[[\"pip\", \"python3.13\", \"../src/lambda-database-writer/requirements.txt\", null, null], [\"zip\", \"../src/lambda-database-writer\", null]]]}",
            "content_base64": null,
            "content_base64sha256": "4ZCmjlpiYylSmf9NZ6TDlWleaeecfkQFUMKuBQHp+f4=",
            "content_base64sha512": "0cyufY8AVCvF79mVf2Rijs7M5FHCjL4SC9u1JH/YehGlHqG+DJ+8L/YqGAFhI7553XPsbMrpAiwWfSJI/YfjTA==",
            "content_md5": "d8cd14cd264efbf11576d80f7f3eea95",
            "content_sha1": "6029658d641c02bf0088ec675b57c73be8141574",
            "content_sha256": "e190a68e5a6263295299ff4d67a4c395695e69e79c7e440550c2ae0501e9f9fe",
            "content_sha512": "d1ccae7d8f00542bc5efd9957f64628ececce451c28cbe120bdbb5247fd87a11a51ea1be0c9fbc2ff62a18016123be79dd73ec6ccae9022c167d2248fd87e34c",
            "directory_permission": "0755",
            "file_permission": "0644",
            "filename": "builds/9ff56b6091a9de970e3e214d32450decf0452af2c6f8ed412edda9cc145bdb87.plan.json",
            "id": "6029658d641c02bf0088ec675b57c73be8141574",
            "sensitive_content": null,
            "source": null
          },
          "sensitive_attributes": [
            [
              {
                "type": "get_attr",
                "value": "content"
              }
            ],
            [
              {
                "type": "get_attr",
                "value": "sensitive_content"
              }
            ]
          ],
          "identity_schema_version": 0,
          "dependencies": [
            "module.lambdas.data.external.archive_prepare"
          ],
          "create_before_destroy": true
        }
      ]
    },
    {
      "module": "module.lambdas[\"database-writer\"]",
      "mode": "managed",
      "type": "null_resource",
      "name": "archive",
      "provider": "provider[\"registry.terraform.io/hashicorp/null\"]",
      "instances": [
        {
          "index_key": 0,
          "schema_version": 0,
          "attributes": {
            "id": "2679342747305294099",
            "triggers": {
              "filename": "builds/9ff56b6091a9de970e3e214d32450decf0452af2c6f8ed412edda9cc145bdb87.zip",
              "timestamp": "1761180632045981800"
            }
          },
          "sensitive_attributes": [],
          "identity_schema_version": 0,
          "dependencies": [
            "module.lambdas.data.external.archive_prepare",
            "module.lambdas.local_file.archive_plan"
          ],
          "create_before_destroy": true
        }
      ]
    },
    {
      "module": "module.lambdas[\"invoice-data-getter\"]",
      "mode": "data",
      "type": "aws_caller_identity",
      "name": "current",
      "provider": "provider[\"registry.terraform.io/hashicorp/aws\"]",
      "instances": [
        {
          "schema_version": 0,
          "attributes": {
            "account_id": "710563351963",
            "arn": "arn:aws:sts::710563351963:assumed-role/voclabs/user4337969=pcurti@itba.edu.ar",
            "id": "710563351963",
            "user_id": "AROA2K4HAJWNZZEVEUKMH:user4337969=pcurti@itba.edu.ar"
          },
          "sensitive_attributes": [],
          "identity_schema_version": 0
        }
      ]
    },
    {
      "module": "module.lambdas[\"invoice-data-getter\"]",
      "mode": "data",
      "type": "aws_partition",
      "name": "current",
      "provider": "provider[\"registry.terraform.io/hashicorp/aws\"]",
      "instances": [
        {
          "schema_version": 0,
          "attributes": {
            "dns_suffix": "amazonaws.com",
            "id": "aws",
            "partition": "aws",
            "reverse_dns_prefix": "com.amazonaws"
          },
          "sensitive_attributes": [],
          "identity_schema_version": 0
        }
      ]
    },
    {
      "module": "module.lambdas[\"invoice-data-getter\"]",
      "mode": "data",
      "type": "aws_region",
      "name": "current",
      "provider": "provider[\"registry.terraform.io/hashicorp/aws\"]",
      "instances": [
        {
          "schema_version": 0,
          "attributes": {
            "description": "US East (N. Virginia)",
            "endpoint": "ec2.us-east-1.amazonaws.com",
            "id": "us-east-1",
            "name": "us-east-1",
            "region": "us-east-1"
          },
          "sensitive_attributes": [],
          "identity_schema_version": 0
        }
      ]
    },
    {
      "module": "module.lambdas[\"invoice-data-getter\"]",
      "mode": "data",
      "type": "external",
      "name": "archive_prepare",
      "provider": "provider[\"registry.terraform.io/hashicorp/external\"]",
      "instances": [
        {
          "index_key": 0,
          "schema_version": 0,
          "attributes": {
            "id": "-",
            "program": [
              "python3",
              ".terraform/modules/lambdas/package.py",
              "prepare"
            ],
            "query": {
              "artifacts_dir": "builds",
              "docker": null,
              "hash_extra": "",
              "hash_extra_paths": "[]",
              "paths": "{\"cwd\":\"/home/kerty/projects/cloud-terraform/production\",\"module\":\".terraform/modules/lambdas\",\"root\":\".\"}",
              "recreate_missing_package": "true",
              "runtime": "python3.13",
              "source_path": "\"../src/lambda-invoice-getter\""
            },
            "result": {
              "build_plan": "{\"filename\": \"builds/02159737a531b325e4a18a53f7e23cd9d6b0a5a2fb504cb8b9234de44afec815.zip\", \"runtime\": \"python3.13\", \"artifacts_dir\": \"builds\", \"build_plan\": [[[\"zip\", \"../src/lambda-invoice-getter\", null]]]}",
              "build_plan_filename": "builds/02159737a531b325e4a18a53f7e23cd9d6b0a5a2fb504cb8b9234de44afec815.plan.json",
              "filename": "builds/02159737a531b325e4a18a53f7e23cd9d6b0a5a2fb504cb8b9234de44afec815.zip",
              "timestamp": "1761180632186031200",
              "was_missing": "false"
            },
            "working_dir": null
          },
          "sensitive_attributes": [],
          "identity_schema_version": 0
        }
      ]
    },
    {
      "module": "module.lambdas[\"invoice-data-getter\"]",
      "mode": "managed",
      "type": "aws_cloudwatch_log_group",
      "name": "lambda",
      "provider": "provider[\"registry.terraform.io/hashicorp/aws\"]",
      "instances": [
        {
          "index_key": 0,
          "schema_version": 0,
          "attributes": {
            "arn": "arn:aws:logs:us-east-1:710563351963:log-group:/aws/lambda/invoice-data-getter",
            "id": "/aws/lambda/invoice-data-getter",
            "kms_key_id": "",
            "log_group_class": "STANDARD",
            "name": "/aws/lambda/invoice-data-getter",
            "name_prefix": "",
            "region": "us-east-1",
            "retention_in_days": 0,
            "skip_destroy": false,
            "tags": {
              "Environment": "production",
              "Project": "FactuTable"
            },
            "tags_all": {
              "Environment": "production",
              "Project": "FactuTable"
            }
          },
          "sensitive_attributes": [],
          "identity_schema_version": 0,
          "identity": {
            "account_id": "710563351963",
            "name": "/aws/lambda/invoice-data-getter",
            "region": "us-east-1"
          },
          "private": "bnVsbA==",
          "create_before_destroy": true
        }
      ]
    },
    {
      "module": "module.lambdas[\"invoice-data-getter\"]",
      "mode": "managed",
      "type": "aws_lambda_function",
      "name": "this",
      "provider": "provider[\"registry.terraform.io/hashicorp/aws\"]",
      "instances": [
        {
          "index_key": 0,
          "schema_version": 0,
          "attributes": {
            "architectures": [
              "x86_64"
            ],
            "arn": "arn:aws:lambda:us-east-1:710563351963:function:invoice-data-getter",
            "code_sha256": "vhwSxXmHbxim3k+R/UTxR92hvxaCXVcDI+6TAIc7Bhw=",
            "code_signing_config_arn": "",
            "dead_letter_config": [],
            "description": "",
            "environment": [
              {
                "variables": {
                  "COGNITO_CLIENT_ID": "7nilk1q7pj4k2adn54ocjhkg0u",
                  "COGNITO_DOMAIN": "factutable-auth",
                  "COGNITO_REDIRECT_URI": "https://f5o8rmaoa4.execute-api.us-east-1.amazonaws.com/prod/auth/callback",
                  "COGNITO_USER_POOL_ID": "us-east-1_5M9YXKeOe",
                  "INDEX_NAME": "GSI_Date",
                  "TABLE_NAME": "InvoiceJobs",
                  "UPLOAD_BUCKET": "factu-table-facturas-1ebd77"
                }
              }
            ],
            "ephemeral_storage": [
              {
                "size": 512
              }
            ],
            "file_system_config": [],
            "filename": "builds/02159737a531b325e4a18a53f7e23cd9d6b0a5a2fb504cb8b9234de44afec815.zip",
            "function_name": "invoice-data-getter",
            "handler": "main.handler",
            "id": "invoice-data-getter",
            "image_config": [],
            "image_uri": "",
            "invoke_arn": "arn:aws:apigateway:us-east-1:lambda:path/2015-03-31/functions/arn:aws:lambda:us-east-1:710563351963:function:invoice-data-getter/invocations",
            "kms_key_arn": "",
            "last_modified": "2025-10-23T01:36:12.000+0000",
            "layers": [
              "arn:aws:lambda:us-east-1:710563351963:layer:python-dependencies:3"
            ],
            "logging_config": [
              {
                "application_log_level": "",
                "log_format": "Text",
                "log_group": "/aws/lambda/invoice-data-getter",
                "system_log_level": ""
              }
            ],
            "memory_size": 128,
            "package_type": "Zip",
            "publish": false,
            "qualified_arn": "arn:aws:lambda:us-east-1:710563351963:function:invoice-data-getter:$LATEST",
            "qualified_invoke_arn": "arn:aws:apigateway:us-east-1:lambda:path/2015-03-31/functions/arn:aws:lambda:us-east-1:710563351963:function:invoice-data-getter:$LATEST/invocations",
            "region": "us-east-1",
            "replace_security_groups_on_destroy": null,
            "replacement_security_group_ids": null,
            "reserved_concurrent_executions": -1,
            "role": "arn:aws:iam::710563351963:role/LabRole",
            "runtime": "python3.13",
            "s3_bucket": null,
            "s3_key": null,
            "s3_object_version": null,
            "signing_job_arn": "",
            "signing_profile_version_arn": "",
            "skip_destroy": false,
            "snap_start": [],
            "source_code_hash": "vhwSxXmHbxim3k+R/UTxR92hvxaCXVcDI+6TAIc7Bhw=",
            "source_code_size": 763,
            "source_kms_key_arn": "",
            "tags": {
              "Environment": "production",
              "Project": "FactuTable",
              "terraform-aws-modules": "lambda"
            },
            "tags_all": {
              "Environment": "production",
              "Project": "FactuTable",
              "terraform-aws-modules": "lambda"
            },
            "timeout": 3,
            "timeouts": null,
            "tracing_config": [
              {
                "mode": "PassThrough"
              }
            ],
            "version": "$LATEST",
            "vpc_config": []
          },
          "sensitive_attributes": [],
          "identity_schema_version": 0,
          "identity": {
            "account_id": "710563351963",
            "function_name": "invoice-data-getter",
            "region": "us-east-1"
          },
          "private": "eyJlMmJmYjczMC1lY2FhLTExZTYtOGY4OC0zNDM2M2JjN2M0YzAiOnsiY3JlYXRlIjo2MDAwMDAwMDAwMDAsImRlbGV0ZSI6NjAwMDAwMDAwMDAwLCJ1cGRhdGUiOjYwMDAwMDAwMDAwMH19",
          "dependencies": [
            "aws_cognito_user_pool.user_pool",
            "aws_cognito_user_pool_client.app_client",
            "aws_cognito_user_pool_domain.user_pool_domain",
            "aws_lambda_layer_version.python_dependencies",
            "data.aws_iam_role.academy_role",
            "module.ddb_invoice_jobs.aws_dynamodb_table.autoscaled",
            "module.ddb_invoice_jobs.aws_dynamodb_table.autoscaled_gsi_ignore",
            "module.ddb_invoice_jobs.aws_dynamodb_table.this",
            "module.http_api.aws_apigatewayv2_api.this",
            "module.lambdas.aws_cloudwatch_log_group.lambda",
            "module.lambdas.aws_iam_role.lambda",
            "module.lambdas.aws_iam_role_policy.additional_inline",
            "module.lambdas.aws_iam_role_policy.additional_json",
            "module.lambdas.aws_iam_role_policy.additional_jsons",
            "module.lambdas.aws_iam_role_policy.async",
            "module.lambdas.aws_iam_role_policy.dead_letter",
            "module.lambdas.aws_iam_role_policy.logs",
            "module.lambdas.aws_iam_role_policy.tracing",
            "module.lambdas.aws_iam_role_policy.vpc",
            "module.lambdas.aws_iam_role_policy_attachment.additional_many",
            "module.lambdas.aws_iam_role_policy_attachment.additional_one",
            "module.lambdas.aws_s3_object.lambda_package",
            "module.lambdas.data.aws_arn.log_group_arn",
            "module.lambdas.data.aws_cloudwatch_log_group.lambda",
            "module.lambdas.data.aws_iam_policy.tracing",
            "module.lambdas.data.aws_iam_policy.vpc",
            "module.lambdas.data.aws_iam_policy_document.additional_inline",
            "module.lambdas.data.aws_iam_policy_document.assume_role",
            "module.lambdas.data.aws_iam_policy_document.async",
            "module.lambdas.data.aws_iam_policy_document.dead_letter",
            "module.lambdas.data.aws_iam_policy_document.logs",
            "module.lambdas.data.aws_partition.current",
            "module.lambdas.data.external.archive_prepare",
            "module.lambdas.local_file.archive_plan",
            "module.lambdas.null_resource.archive",
            "module.s3_buckets.aws_s3_bucket.this",
            "module.s3_buckets.random_id.suffix"
          ],
          "create_before_destroy": true
        }
      ]
    },
    {
      "module": "module.lambdas[\"invoice-data-getter\"]",
      "mode": "managed",
      "type": "local_file",
      "name": "archive_plan",
      "provider": "provider[\"registry.terraform.io/hashicorp/local\"]",
      "instances": [
        {
          "index_key": 0,
          "schema_version": 0,
          "attributes": {
            "content": "{\"filename\": \"builds/02159737a531b325e4a18a53f7e23cd9d6b0a5a2fb504cb8b9234de44afec815.zip\", \"runtime\": \"python3.13\", \"artifacts_dir\": \"builds\", \"build_plan\": [[[\"zip\", \"../src/lambda-invoice-getter\", null]]]}",
            "content_base64": null,
            "content_base64sha256": "n2B1rvG6vHXfwgxL/mTJpE8+dSuIXFqLaFB0l5WlEZ8=",
            "content_base64sha512": "8Ifc121u+SsmfrQHm10T3dyl5o7yuwihG05CQ4RLJc8/oProORvdxhOq0TR1vCJXTRH5bp+HAI3oHCCznq0M8Q==",
            "content_md5": "4703949573271124a85699ae3ad360ea",
            "content_sha1": "fa587d71bdb0d809e0b33447101cca35d368f253",
            "content_sha256": "9f6075aef1babc75dfc20c4bfe64c9a44f3e752b885c5a8b6850749795a5119f",
            "content_sha512": "f087dcd76d6ef92b267eb4079b5d13dddca5e68ef2bb08a11b4e4243844b25cf3fa0fae8391bddc613aad13475bc22574d11f96e9f87008de81c20b39ead0cf1",
            "directory_permission": "0755",
            "file_permission": "0644",
            "filename": "builds/02159737a531b325e4a18a53f7e23cd9d6b0a5a2fb504cb8b9234de44afec815.plan.json",
            "id": "fa587d71bdb0d809e0b33447101cca35d368f253",
            "sensitive_content": null,
            "source": null
          },
          "sensitive_attributes": [
            [
              {
                "type": "get_attr",
                "value": "content"
              }
            ],
            [
              {
                "type": "get_attr",
                "value": "sensitive_content"
              }
            ]
          ],
          "identity_schema_version": 0,
          "dependencies": [
            "module.lambdas.data.external.archive_prepare"
          ],
          "create_before_destroy": true
        }
      ]
    },
    {
      "module": "module.lambdas[\"invoice-data-getter\"]",
      "mode": "managed",
      "type": "null_resource",
      "name": "archive",
      "provider": "provider[\"registry.terraform.io/hashicorp/null\"]",
      "instances": [
        {
          "index_key": 0,
          "schema_version": 0,
          "attributes": {
            "id": "4145500308393013541",
            "triggers": {
              "filename": "builds/02159737a531b325e4a18a53f7e23cd9d6b0a5a2fb504cb8b9234de44afec815.zip",
              "timestamp": "1761180632186031200"
            }
          },
          "sensitive_attributes": [],
          "identity_schema_version": 0,
          "dependencies": [
            "module.lambdas.data.external.archive_prepare",
            "module.lambdas.local_file.archive_plan"
          ],
          "create_before_destroy": true
        }
      ]
    },
    {
      "module": "module.lambdas[\"invoice-data-updater\"]",
      "mode": "data",
      "type": "aws_caller_identity",
      "name": "current",
      "provider": "provider[\"registry.terraform.io/hashicorp/aws\"]",
      "instances": [
        {
          "schema_version": 0,
          "attributes": {
            "account_id": "710563351963",
            "arn": "arn:aws:sts::710563351963:assumed-role/voclabs/user4337969=pcurti@itba.edu.ar",
            "id": "710563351963",
            "user_id": "AROA2K4HAJWNZZEVEUKMH:user4337969=pcurti@itba.edu.ar"
          },
          "sensitive_attributes": [],
          "identity_schema_version": 0
        }
      ]
    },
    {
      "module": "module.lambdas[\"invoice-data-updater\"]",
      "mode": "data",
      "type": "aws_partition",
      "name": "current",
      "provider": "provider[\"registry.terraform.io/hashicorp/aws\"]",
      "instances": [
        {
          "schema_version": 0,
          "attributes": {
            "dns_suffix": "amazonaws.com",
            "id": "aws",
            "partition": "aws",
            "reverse_dns_prefix": "com.amazonaws"
          },
          "sensitive_attributes": [],
          "identity_schema_version": 0
        }
      ]
    },
    {
      "module": "module.lambdas[\"invoice-data-updater\"]",
      "mode": "data",
      "type": "aws_region",
      "name": "current",
      "provider": "provider[\"registry.terraform.io/hashicorp/aws\"]",
      "instances": [
        {
          "schema_version": 0,
          "attributes": {
            "description": "US East (N. Virginia)",
            "endpoint": "ec2.us-east-1.amazonaws.com",
            "id": "us-east-1",
            "name": "us-east-1",
            "region": "us-east-1"
          },
          "sensitive_attributes": [],
          "identity_schema_version": 0
        }
      ]
    },
    {
      "module": "module.lambdas[\"invoice-data-updater\"]",
      "mode": "data",
      "type": "external",
      "name": "archive_prepare",
      "provider": "provider[\"registry.terraform.io/hashicorp/external\"]",
      "instances": [
        {
          "index_key": 0,
          "schema_version": 0,
          "attributes": {
            "id": "-",
            "program": [
              "python3",
              ".terraform/modules/lambdas/package.py",
              "prepare"
            ],
            "query": {
              "artifacts_dir": "builds",
              "docker": null,
              "hash_extra": "",
              "hash_extra_paths": "[]",
              "paths": "{\"cwd\":\"/home/kerty/projects/cloud-terraform/production\",\"module\":\".terraform/modules/lambdas\",\"root\":\".\"}",
              "recreate_missing_package": "true",
              "runtime": "python3.13",
              "source_path": "\"../src/lambda-invoice-updater\""
            },
            "result": {
              "build_plan": "{\"filename\": \"builds/b08458d420e44a521626a13e69192739c44188173de1f9fff93714a65a58cadf.zip\", \"runtime\": \"python3.13\", \"artifacts_dir\": \"builds\", \"build_plan\": [[[\"zip\", \"../src/lambda-invoice-updater\", null]]]}",
              "build_plan_filename": "builds/b08458d420e44a521626a13e69192739c44188173de1f9fff93714a65a58cadf.plan.json",
              "filename": "builds/b08458d420e44a521626a13e69192739c44188173de1f9fff93714a65a58cadf.zip",
              "timestamp": "1761180632127757000",
              "was_missing": "false"
            },
            "working_dir": null
          },
          "sensitive_attributes": [],
          "identity_schema_version": 0
        }
      ]
    },
    {
      "module": "module.lambdas[\"invoice-data-updater\"]",
      "mode": "managed",
      "type": "aws_cloudwatch_log_group",
      "name": "lambda",
      "provider": "provider[\"registry.terraform.io/hashicorp/aws\"]",
      "instances": [
        {
          "index_key": 0,
          "schema_version": 0,
          "attributes": {
            "arn": "arn:aws:logs:us-east-1:710563351963:log-group:/aws/lambda/invoice-data-updater",
            "id": "/aws/lambda/invoice-data-updater",
            "kms_key_id": "",
            "log_group_class": "STANDARD",
            "name": "/aws/lambda/invoice-data-updater",
            "name_prefix": "",
            "region": "us-east-1",
            "retention_in_days": 0,
            "skip_destroy": false,
            "tags": {
              "Environment": "production",
              "Project": "FactuTable"
            },
            "tags_all": {
              "Environment": "production",
              "Project": "FactuTable"
            }
          },
          "sensitive_attributes": [],
          "identity_schema_version": 0,
          "identity": {
            "account_id": "710563351963",
            "name": "/aws/lambda/invoice-data-updater",
            "region": "us-east-1"
          },
          "private": "bnVsbA==",
          "create_before_destroy": true
        }
      ]
    },
    {
      "module": "module.lambdas[\"invoice-data-updater\"]",
      "mode": "managed",
      "type": "aws_lambda_function",
      "name": "this",
      "provider": "provider[\"registry.terraform.io/hashicorp/aws\"]",
      "instances": [
        {
          "index_key": 0,
          "schema_version": 0,
          "attributes": {
            "architectures": [
              "x86_64"
            ],
            "arn": "arn:aws:lambda:us-east-1:710563351963:function:invoice-data-updater",
            "code_sha256": "qLXix3rcXsgYyXeIUPifK1nRPXE4HoRVb/CP3eO4E88=",
            "code_signing_config_arn": "",
            "dead_letter_config": [],
            "description": "",
            "environment": [
              {
                "variables": {
                  "COGNITO_CLIENT_ID": "7nilk1q7pj4k2adn54ocjhkg0u",
                  "COGNITO_DOMAIN": "factutable-auth",
                  "COGNITO_REDIRECT_URI": "https://f5o8rmaoa4.execute-api.us-east-1.amazonaws.com/prod/auth/callback",
                  "COGNITO_USER_POOL_ID": "us-east-1_5M9YXKeOe",
                  "UPLOAD_BUCKET": "factu-table-facturas-1ebd77"
                }
              }
            ],
            "ephemeral_storage": [
              {
                "size": 512
              }
            ],
            "file_system_config": [],
            "filename": "builds/b08458d420e44a521626a13e69192739c44188173de1f9fff93714a65a58cadf.zip",
            "function_name": "invoice-data-updater",
            "handler": "main.handler",
            "id": "invoice-data-updater",
            "image_config": [],
            "image_uri": "",
            "invoke_arn": "arn:aws:apigateway:us-east-1:lambda:path/2015-03-31/functions/arn:aws:lambda:us-east-1:710563351963:function:invoice-data-updater/invocations",
            "kms_key_arn": "",
            "last_modified": "2025-10-23T01:35:56.000+0000",
            "layers": [
              "arn:aws:lambda:us-east-1:710563351963:layer:python-dependencies:3"
            ],
            "logging_config": [
              {
                "application_log_level": "",
                "log_format": "Text",
                "log_group": "/aws/lambda/invoice-data-updater",
                "system_log_level": ""
              }
            ],
            "memory_size": 128,
            "package_type": "Zip",
            "publish": false,
            "qualified_arn": "arn:aws:lambda:us-east-1:710563351963:function:invoice-data-updater:$LATEST",
            "qualified_invoke_arn": "arn:aws:apigateway:us-east-1:lambda:path/2015-03-31/functions/arn:aws:lambda:us-east-1:710563351963:function:invoice-data-updater:$LATEST/invocations",
            "region": "us-east-1",
            "replace_security_groups_on_destroy": null,
            "replacement_security_group_ids": null,
            "reserved_concurrent_executions": -1,
            "role": "arn:aws:iam::710563351963:role/LabRole",
            "runtime": "python3.13",
            "s3_bucket": null,
            "s3_key": null,
            "s3_object_version": null,
            "signing_job_arn": "",
            "signing_profile_version_arn": "",
            "skip_destroy": false,
            "snap_start": [],
            "source_code_hash": "qLXix3rcXsgYyXeIUPifK1nRPXE4HoRVb/CP3eO4E88=",
            "source_code_size": 794,
            "source_kms_key_arn": "",
            "tags": {
              "Environment": "production",
              "Project": "FactuTable",
              "terraform-aws-modules": "lambda"
            },
            "tags_all": {
              "Environment": "production",
              "Project": "FactuTable",
              "terraform-aws-modules": "lambda"
            },
            "timeout": 3,
            "timeouts": null,
            "tracing_config": [
              {
                "mode": "PassThrough"
              }
            ],
            "version": "$LATEST",
            "vpc_config": []
          },
          "sensitive_attributes": [],
          "identity_schema_version": 0,
          "identity": {
            "account_id": "710563351963",
            "function_name": "invoice-data-updater",
            "region": "us-east-1"
          },
          "private": "eyJlMmJmYjczMC1lY2FhLTExZTYtOGY4OC0zNDM2M2JjN2M0YzAiOnsiY3JlYXRlIjo2MDAwMDAwMDAwMDAsImRlbGV0ZSI6NjAwMDAwMDAwMDAwLCJ1cGRhdGUiOjYwMDAwMDAwMDAwMH19",
          "dependencies": [
            "aws_cognito_user_pool.user_pool",
            "aws_cognito_user_pool_client.app_client",
            "aws_cognito_user_pool_domain.user_pool_domain",
            "aws_lambda_layer_version.python_dependencies",
            "data.aws_iam_role.academy_role",
            "module.ddb_invoice_jobs.aws_dynamodb_table.autoscaled",
            "module.ddb_invoice_jobs.aws_dynamodb_table.autoscaled_gsi_ignore",
            "module.ddb_invoice_jobs.aws_dynamodb_table.this",
            "module.http_api.aws_apigatewayv2_api.this",
            "module.lambdas.aws_cloudwatch_log_group.lambda",
            "module.lambdas.aws_iam_role.lambda",
            "module.lambdas.aws_iam_role_policy.additional_inline",
            "module.lambdas.aws_iam_role_policy.additional_json",
            "module.lambdas.aws_iam_role_policy.additional_jsons",
            "module.lambdas.aws_iam_role_policy.async",
            "module.lambdas.aws_iam_role_policy.dead_letter",
            "module.lambdas.aws_iam_role_policy.logs",
            "module.lambdas.aws_iam_role_policy.tracing",
            "module.lambdas.aws_iam_role_policy.vpc",
            "module.lambdas.aws_iam_role_policy_attachment.additional_many",
            "module.lambdas.aws_iam_role_policy_attachment.additional_one",
            "module.lambdas.aws_s3_object.lambda_package",
            "module.lambdas.data.aws_arn.log_group_arn",
            "module.lambdas.data.aws_cloudwatch_log_group.lambda",
            "module.lambdas.data.aws_iam_policy.tracing",
            "module.lambdas.data.aws_iam_policy.vpc",
            "module.lambdas.data.aws_iam_policy_document.additional_inline",
            "module.lambdas.data.aws_iam_policy_document.assume_role",
            "module.lambdas.data.aws_iam_policy_document.async",
            "module.lambdas.data.aws_iam_policy_document.dead_letter",
            "module.lambdas.data.aws_iam_policy_document.logs",
            "module.lambdas.data.aws_partition.current",
            "module.lambdas.data.external.archive_prepare",
            "module.lambdas.local_file.archive_plan",
            "module.lambdas.null_resource.archive",
            "module.s3_buckets.aws_s3_bucket.this",
            "module.s3_buckets.random_id.suffix"
          ],
          "create_before_destroy": true
        }
      ]
    },
    {
      "module": "module.lambdas[\"invoice-data-updater\"]",
      "mode": "managed",
      "type": "local_file",
      "name": "archive_plan",
      "provider": "provider[\"registry.terraform.io/hashicorp/local\"]",
      "instances": [
        {
          "index_key": 0,
          "schema_version": 0,
          "attributes": {
            "content": "{\"filename\": \"builds/b08458d420e44a521626a13e69192739c44188173de1f9fff93714a65a58cadf.zip\", \"runtime\": \"python3.13\", \"artifacts_dir\": \"builds\", \"build_plan\": [[[\"zip\", \"../src/lambda-invoice-updater\", null]]]}",
            "content_base64": null,
            "content_base64sha256": "cvaU6yyqJDM2IPzaEiPG3Ry2uM0UtvZ2yByyixUfGFg=",
            "content_base64sha512": "bI7VRenR72SP2dCGyIc/vNP1FfNkKE75wVaaMYThdz2peqiyH9jWdNep8uXSpi1S8un5LlqwAgr8oF238C1+ag==",
            "content_md5": "b2963a4dd0ff00a3ec10ae08262b5794",
            "content_sha1": "23257fff763ef7910f9eda20f99798d180c6f4ec",
            "content_sha256": "72f694eb2caa24333620fcda1223c6dd1cb6b8cd14b6f676c81cb28b151f1858",
            "content_sha512": "6c8ed545e9d1ef648fd9d086c8873fbcd3f515f364284ef9c1569a3184e1773da97aa8b21fd8d674d7a9f2e5d2a62d52f2e9f92e5ab0020afca05db7f02d7e6a",
            "directory_permission": "0755",
            "file_permission": "0644",
            "filename": "builds/b08458d420e44a521626a13e69192739c44188173de1f9fff93714a65a58cadf.plan.json",
            "id": "23257fff763ef7910f9eda20f99798d180c6f4ec",
            "sensitive_content": null,
            "source": null
          },
          "sensitive_attributes": [
            [
              {
                "type": "get_attr",
                "value": "content"
              }
            ],
            [
              {
                "type": "get_attr",
                "value": "sensitive_content"
              }
            ]
          ],
          "identity_schema_version": 0,
          "dependencies": [
            "module.lambdas.data.external.archive_prepare"
          ],
          "create_before_destroy": true
        }
      ]
    },
    {
      "module": "module.lambdas[\"invoice-data-updater\"]",
      "mode": "managed",
      "type": "null_resource",
      "name": "archive",
      "provider": "provider[\"registry.terraform.io/hashicorp/null\"]",
      "instances": [
        {
          "index_key": 0,
          "schema_version": 0,
          "attributes": {
            "id": "8971703603385617162",
            "triggers": {
              "filename": "builds/b08458d420e44a521626a13e69192739c44188173de1f9fff93714a65a58cadf.zip",
              "timestamp": "1761180632127757000"
            }
          },
          "sensitive_attributes": [],
          "identity_schema_version": 0,
          "dependencies": [
            "module.lambdas.data.external.archive_prepare",
            "module.lambdas.local_file.archive_plan"
          ],
          "create_before_destroy": true
        }
      ]
    },
    {
      "module": "module.lambdas[\"invoice-processor\"]",
      "mode": "data",
      "type": "aws_caller_identity",
      "name": "current",
      "provider": "provider[\"registry.terraform.io/hashicorp/aws\"]",
      "instances": [
        {
          "schema_version": 0,
          "attributes": {
            "account_id": "710563351963",
            "arn": "arn:aws:sts::710563351963:assumed-role/voclabs/user4337969=pcurti@itba.edu.ar",
            "id": "710563351963",
            "user_id": "AROA2K4HAJWNZZEVEUKMH:user4337969=pcurti@itba.edu.ar"
          },
          "sensitive_attributes": [],
          "identity_schema_version": 0
        }
      ]
    },
    {
      "module": "module.lambdas[\"invoice-processor\"]",
      "mode": "data",
      "type": "aws_partition",
      "name": "current",
      "provider": "provider[\"registry.terraform.io/hashicorp/aws\"]",
      "instances": [
        {
          "schema_version": 0,
          "attributes": {
            "dns_suffix": "amazonaws.com",
            "id": "aws",
            "partition": "aws",
            "reverse_dns_prefix": "com.amazonaws"
          },
          "sensitive_attributes": [],
          "identity_schema_version": 0
        }
      ]
    },
    {
      "module": "module.lambdas[\"invoice-processor\"]",
      "mode": "data",
      "type": "aws_region",
      "name": "current",
      "provider": "provider[\"registry.terraform.io/hashicorp/aws\"]",
      "instances": [
        {
          "schema_version": 0,
          "attributes": {
            "description": "US East (N. Virginia)",
            "endpoint": "ec2.us-east-1.amazonaws.com",
            "id": "us-east-1",
            "name": "us-east-1",
            "region": "us-east-1"
          },
          "sensitive_attributes": [],
          "identity_schema_version": 0
        }
      ]
    },
    {
      "module": "module.lambdas[\"invoice-processor\"]",
      "mode": "data",
      "type": "external",
      "name": "archive_prepare",
      "provider": "provider[\"registry.terraform.io/hashicorp/external\"]",
      "instances": [
        {
          "index_key": 0,
          "schema_version": 0,
          "attributes": {
            "id": "-",
            "program": [
              "python3",
              ".terraform/modules/lambdas/package.py",
              "prepare"
            ],
            "query": {
              "artifacts_dir": "builds",
              "docker": null,
              "hash_extra": "",
              "hash_extra_paths": "[]",
              "paths": "{\"cwd\":\"/home/kerty/projects/cloud-terraform/production\",\"module\":\".terraform/modules/lambdas\",\"root\":\".\"}",
              "recreate_missing_package": "true",
              "runtime": "python3.13",
              "source_path": "\"../src/lambda-invoice-processor\""
            },
            "result": {
              "build_plan": "{\"filename\": \"builds/e0937042ae882ba3bb356a4cd4065a4c1234bdc6efb2e57de9b81cc4f39960d7.zip\", \"runtime\": \"python3.13\", \"artifacts_dir\": \"builds\", \"build_plan\": [[[\"zip\", \"../src/lambda-invoice-processor\", null]]]}",
              "build_plan_filename": "builds/e0937042ae882ba3bb356a4cd4065a4c1234bdc6efb2e57de9b81cc4f39960d7.plan.json",
              "filename": "builds/e0937042ae882ba3bb356a4cd4065a4c1234bdc6efb2e57de9b81cc4f39960d7.zip",
              "timestamp": "1761180632231639000",
              "was_missing": "false"
            },
            "working_dir": null
          },
          "sensitive_attributes": [],
          "identity_schema_version": 0
        }
      ]
    },
    {
      "module": "module.lambdas[\"invoice-processor\"]",
      "mode": "managed",
      "type": "aws_cloudwatch_log_group",
      "name": "lambda",
      "provider": "provider[\"registry.terraform.io/hashicorp/aws\"]",
      "instances": [
        {
          "index_key": 0,
          "schema_version": 0,
          "attributes": {
            "arn": "arn:aws:logs:us-east-1:710563351963:log-group:/aws/lambda/invoice-processor",
            "id": "/aws/lambda/invoice-processor",
            "kms_key_id": "",
            "log_group_class": "STANDARD",
            "name": "/aws/lambda/invoice-processor",
            "name_prefix": "",
            "region": "us-east-1",
            "retention_in_days": 0,
            "skip_destroy": false,
            "tags": {
              "Environment": "production",
              "Project": "FactuTable"
            },
            "tags_all": {
              "Environment": "production",
              "Project": "FactuTable"
            }
          },
          "sensitive_attributes": [],
          "identity_schema_version": 0,
          "identity": {
            "account_id": "710563351963",
            "name": "/aws/lambda/invoice-processor",
            "region": "us-east-1"
          },
          "private": "bnVsbA==",
          "create_before_destroy": true
        }
      ]
    },
    {
      "module": "module.lambdas[\"invoice-processor\"]",
      "mode": "managed",
      "type": "aws_lambda_function",
      "name": "this",
      "provider": "provider[\"registry.terraform.io/hashicorp/aws\"]",
      "instances": [
        {
          "index_key": 0,
          "schema_version": 0,
          "attributes": {
            "architectures": [
              "x86_64"
            ],
            "arn": "arn:aws:lambda:us-east-1:710563351963:function:invoice-processor",
            "code_sha256": "4TBR3sqVsNGWGAtZmHjo5XVkvidiCxwi6exyDTwg1I4=",
            "code_signing_config_arn": "",
            "dead_letter_config": [],
            "description": "",
            "environment": [
              {
                "variables": {
                  "COGNITO_CLIENT_ID": "7nilk1q7pj4k2adn54ocjhkg0u",
                  "COGNITO_DOMAIN": "factutable-auth",
                  "COGNITO_REDIRECT_URI": "https://f5o8rmaoa4.execute-api.us-east-1.amazonaws.com/prod/auth/callback",
                  "COGNITO_USER_POOL_ID": "us-east-1_5M9YXKeOe",
                  "UPLOAD_BUCKET": "factu-table-facturas-1ebd77"
                }
              }
            ],
            "ephemeral_storage": [
              {
                "size": 512
              }
            ],
            "file_system_config": [],
            "filename": "builds/e0937042ae882ba3bb356a4cd4065a4c1234bdc6efb2e57de9b81cc4f39960d7.zip",
            "function_name": "invoice-processor",
            "handler": "main.handler",
            "id": "invoice-processor",
            "image_config": [],
            "image_uri": "",
            "invoke_arn": "arn:aws:apigateway:us-east-1:lambda:path/2015-03-31/functions/arn:aws:lambda:us-east-1:710563351963:function:invoice-processor/invocations",
            "kms_key_arn": "",
            "last_modified": "2025-10-23T01:36:26.000+0000",
            "layers": [
              "arn:aws:lambda:us-east-1:710563351963:layer:python-dependencies:3"
            ],
            "logging_config": [
              {
                "application_log_level": "",
                "log_format": "Text",
                "log_group": "/aws/lambda/invoice-processor",
                "system_log_level": ""
              }
            ],
            "memory_size": 128,
            "package_type": "Zip",
            "publish": false,
            "qualified_arn": "arn:aws:lambda:us-east-1:710563351963:function:invoice-processor:$LATEST",
            "qualified_invoke_arn": "arn:aws:apigateway:us-east-1:lambda:path/2015-03-31/functions/arn:aws:lambda:us-east-1:710563351963:function:invoice-processor:$LATEST/invocations",
            "region": "us-east-1",
            "replace_security_groups_on_destroy": null,
            "replacement_security_group_ids": null,
            "reserved_concurrent_executions": -1,
            "role": "arn:aws:iam::710563351963:role/LabRole",
            "runtime": "python3.13",
            "s3_bucket": null,
            "s3_key": null,
            "s3_object_version": null,
            "signing_job_arn": "",
            "signing_profile_version_arn": "",
            "skip_destroy": false,
            "snap_start": [],
            "source_code_hash": "4TBR3sqVsNGWGAtZmHjo5XVkvidiCxwi6exyDTwg1I4=",
            "source_code_size": 753,
            "source_kms_key_arn": "",
            "tags": {
              "Environment": "production",
              "Project": "FactuTable",
              "terraform-aws-modules": "lambda"
            },
            "tags_all": {
              "Environment": "production",
              "Project": "FactuTable",
              "terraform-aws-modules": "lambda"
            },
            "timeout": 3,
            "timeouts": null,
            "tracing_config": [
              {
                "mode": "PassThrough"
              }
            ],
            "version": "$LATEST",
            "vpc_config": []
          },
          "sensitive_attributes": [],
          "identity_schema_version": 0,
          "identity": {
            "account_id": "710563351963",
            "function_name": "invoice-processor",
            "region": "us-east-1"
          },
          "private": "eyJlMmJmYjczMC1lY2FhLTExZTYtOGY4OC0zNDM2M2JjN2M0YzAiOnsiY3JlYXRlIjo2MDAwMDAwMDAwMDAsImRlbGV0ZSI6NjAwMDAwMDAwMDAwLCJ1cGRhdGUiOjYwMDAwMDAwMDAwMH19",
          "dependencies": [
            "aws_cognito_user_pool.user_pool",
            "aws_cognito_user_pool_client.app_client",
            "aws_cognito_user_pool_domain.user_pool_domain",
            "aws_lambda_layer_version.python_dependencies",
            "data.aws_iam_role.academy_role",
            "module.ddb_invoice_jobs.aws_dynamodb_table.autoscaled",
            "module.ddb_invoice_jobs.aws_dynamodb_table.autoscaled_gsi_ignore",
            "module.ddb_invoice_jobs.aws_dynamodb_table.this",
            "module.http_api.aws_apigatewayv2_api.this",
            "module.lambdas.aws_cloudwatch_log_group.lambda",
            "module.lambdas.aws_iam_role.lambda",
            "module.lambdas.aws_iam_role_policy.additional_inline",
            "module.lambdas.aws_iam_role_policy.additional_json",
            "module.lambdas.aws_iam_role_policy.additional_jsons",
            "module.lambdas.aws_iam_role_policy.async",
            "module.lambdas.aws_iam_role_policy.dead_letter",
            "module.lambdas.aws_iam_role_policy.logs",
            "module.lambdas.aws_iam_role_policy.tracing",
            "module.lambdas.aws_iam_role_policy.vpc",
            "module.lambdas.aws_iam_role_policy_attachment.additional_many",
            "module.lambdas.aws_iam_role_policy_attachment.additional_one",
            "module.lambdas.aws_s3_object.lambda_package",
            "module.lambdas.data.aws_arn.log_group_arn",
            "module.lambdas.data.aws_cloudwatch_log_group.lambda",
            "module.lambdas.data.aws_iam_policy.tracing",
            "module.lambdas.data.aws_iam_policy.vpc",
            "module.lambdas.data.aws_iam_policy_document.additional_inline",
            "module.lambdas.data.aws_iam_policy_document.assume_role",
            "module.lambdas.data.aws_iam_policy_document.async",
            "module.lambdas.data.aws_iam_policy_document.dead_letter",
            "module.lambdas.data.aws_iam_policy_document.logs",
            "module.lambdas.data.aws_partition.current",
            "module.lambdas.data.external.archive_prepare",
            "module.lambdas.local_file.archive_plan",
            "module.lambdas.null_resource.archive",
            "module.s3_buckets.aws_s3_bucket.this",
            "module.s3_buckets.random_id.suffix"
          ],
          "create_before_destroy": true
        }
      ]
    },
    {
      "module": "module.lambdas[\"invoice-processor\"]",
      "mode": "managed",
      "type": "local_file",
      "name": "archive_plan",
      "provider": "provider[\"registry.terraform.io/hashicorp/local\"]",
      "instances": [
        {
          "index_key": 0,
          "schema_version": 0,
          "attributes": {
            "content": "{\"filename\": \"builds/e0937042ae882ba3bb356a4cd4065a4c1234bdc6efb2e57de9b81cc4f39960d7.zip\", \"runtime\": \"python3.13\", \"artifacts_dir\": \"builds\", \"build_plan\": [[[\"zip\", \"../src/lambda-invoice-processor\", null]]]}",
            "content_base64": null,
            "content_base64sha256": "MhXbS/EarQKF/MQoI1PtWGbmNeD4fmPYmbWuqyW1X50=",
            "content_base64sha512": "ZQiH0adZh4ChUfh0AQSg1rpvjkvc9cryfgMQZ8fys2rIMlp8U7295R8xE0rE8+HH4OOBqJRijCQoWfL45Kt4Yg==",
            "content_md5": "d723f65aee08c745f6b75f562dabfd4c",
            "content_sha1": "355ac475645950b658120236fe1550b5dcaaa553",
            "content_sha256": "3215db4bf11aad0285fcc4282353ed5866e635e0f87e63d899b5aeab25b55f9d",
            "content_sha512": "650887d1a7598780a151f8740104a0d6ba6f8e4bdcf5caf27e031067c7f2b36ac8325a7c53bdbde51f31134ac4f3e1c7e0e381a894628c242859f2f8e4ab7862",
            "directory_permission": "0755",
            "file_permission": "0644",
            "filename": "builds/e0937042ae882ba3bb356a4cd4065a4c1234bdc6efb2e57de9b81cc4f39960d7.plan.json",
            "id": "355ac475645950b658120236fe1550b5dcaaa553",
            "sensitive_content": null,
            "source": null
          },
          "sensitive_attributes": [
            [
              {
                "type": "get_attr",
                "value": "content"
              }
            ],
            [
              {
                "type": "get_attr",
                "value": "sensitive_content"
              }
            ]
          ],
          "identity_schema_version": 0,
          "dependencies": [
            "module.lambdas.data.external.archive_prepare"
          ],
          "create_before_destroy": true
        }
      ]
    },
    {
      "module": "module.lambdas[\"invoice-processor\"]",
      "mode": "managed",
      "type": "null_resource",
      "name": "archive",
      "provider": "provider[\"registry.terraform.io/hashicorp/null\"]",
      "instances": [
        {
          "index_key": 0,
          "schema_version": 0,
          "attributes": {
            "id": "383875356000487525",
            "triggers": {
              "filename": "builds/e0937042ae882ba3bb356a4cd4065a4c1234bdc6efb2e57de9b81cc4f39960d7.zip",
              "timestamp": "1761180632231639000"
            }
          },
          "sensitive_attributes": [],
          "identity_schema_version": 0,
          "dependencies": [
            "module.lambdas.data.external.archive_prepare",
            "module.lambdas.local_file.archive_plan"
          ],
          "create_before_destroy": true
        }
      ]
    },
    {
      "module": "module.lambdas[\"presigned-url-generator\"]",
      "mode": "data",
      "type": "aws_caller_identity",
      "name": "current",
      "provider": "provider[\"registry.terraform.io/hashicorp/aws\"]",
      "instances": [
        {
          "schema_version": 0,
          "attributes": {
            "account_id": "710563351963",
            "arn": "arn:aws:sts::710563351963:assumed-role/voclabs/user4337969=pcurti@itba.edu.ar",
            "id": "710563351963",
            "user_id": "AROA2K4HAJWNZZEVEUKMH:user4337969=pcurti@itba.edu.ar"
          },
          "sensitive_attributes": [],
          "identity_schema_version": 0
        }
      ]
    },
    {
      "module": "module.lambdas[\"presigned-url-generator\"]",
      "mode": "data",
      "type": "aws_partition",
      "name": "current",
      "provider": "provider[\"registry.terraform.io/hashicorp/aws\"]",
      "instances": [
        {
          "schema_version": 0,
          "attributes": {
            "dns_suffix": "amazonaws.com",
            "id": "aws",
            "partition": "aws",
            "reverse_dns_prefix": "com.amazonaws"
          },
          "sensitive_attributes": [],
          "identity_schema_version": 0
        }
      ]
    },
    {
      "module": "module.lambdas[\"presigned-url-generator\"]",
      "mode": "data",
      "type": "aws_region",
      "name": "current",
      "provider": "provider[\"registry.terraform.io/hashicorp/aws\"]",
      "instances": [
        {
          "schema_version": 0,
          "attributes": {
            "description": "US East (N. Virginia)",
            "endpoint": "ec2.us-east-1.amazonaws.com",
            "id": "us-east-1",
            "name": "us-east-1",
            "region": "us-east-1"
          },
          "sensitive_attributes": [],
          "identity_schema_version": 0
        }
      ]
    },
    {
      "module": "module.lambdas[\"presigned-url-generator\"]",
      "mode": "data",
      "type": "external",
      "name": "archive_prepare",
      "provider": "provider[\"registry.terraform.io/hashicorp/external\"]",
      "instances": [
        {
          "index_key": 0,
          "schema_version": 0,
          "attributes": {
            "id": "-",
            "program": [
              "python3",
              ".terraform/modules/lambdas/package.py",
              "prepare"
            ],
            "query": {
              "artifacts_dir": "builds",
              "docker": null,
              "hash_extra": "",
              "hash_extra_paths": "[]",
              "paths": "{\"cwd\":\"/home/kerty/projects/cloud-terraform/production\",\"module\":\".terraform/modules/lambdas\",\"root\":\".\"}",
              "recreate_missing_package": "true",
              "runtime": "python3.13",
              "source_path": "\"../src/lambda-presigned-url-generator\""
            },
            "result": {
              "build_plan": "{\"filename\": \"builds/fab132d1ba8b4e915a30fa3e928af2990f19c8e2d214a95091bf292d855c8916.zip\", \"runtime\": \"python3.13\", \"artifacts_dir\": \"builds\", \"build_plan\": [[[\"zip\", \"../src/lambda-presigned-url-generator\", null]]]}",
              "build_plan_filename": "builds/fab132d1ba8b4e915a30fa3e928af2990f19c8e2d214a95091bf292d855c8916.plan.json",
              "filename": "builds/fab132d1ba8b4e915a30fa3e928af2990f19c8e2d214a95091bf292d855c8916.zip",
              "timestamp": "1761180631991031000",
              "was_missing": "false"
            },
            "working_dir": null
          },
          "sensitive_attributes": [],
          "identity_schema_version": 0
        }
      ]
    },
    {
      "module": "module.lambdas[\"presigned-url-generator\"]",
      "mode": "managed",
      "type": "aws_cloudwatch_log_group",
      "name": "lambda",
      "provider": "provider[\"registry.terraform.io/hashicorp/aws\"]",
      "instances": [
        {
          "index_key": 0,
          "schema_version": 0,
          "attributes": {
            "arn": "arn:aws:logs:us-east-1:710563351963:log-group:/aws/lambda/presigned-url-generator",
            "id": "/aws/lambda/presigned-url-generator",
            "kms_key_id": "",
            "log_group_class": "STANDARD",
            "name": "/aws/lambda/presigned-url-generator",
            "name_prefix": "",
            "region": "us-east-1",
            "retention_in_days": 0,
            "skip_destroy": false,
            "tags": {
              "Environment": "production",
              "Project": "FactuTable"
            },
            "tags_all": {
              "Environment": "production",
              "Project": "FactuTable"
            }
          },
          "sensitive_attributes": [],
          "identity_schema_version": 0,
          "identity": {
            "account_id": "710563351963",
            "name": "/aws/lambda/presigned-url-generator",
            "region": "us-east-1"
          },
          "private": "bnVsbA==",
          "create_before_destroy": true
        }
      ]
    },
    {
      "module": "module.lambdas[\"presigned-url-generator\"]",
      "mode": "managed",
      "type": "aws_lambda_function",
      "name": "this",
      "provider": "provider[\"registry.terraform.io/hashicorp/aws\"]",
      "instances": [
        {
          "index_key": 0,
          "schema_version": 0,
          "attributes": {
            "architectures": [
              "x86_64"
            ],
            "arn": "arn:aws:lambda:us-east-1:710563351963:function:presigned-url-generator",
            "code_sha256": "hcvzsEPJHZhqTdgjORL+Yu17ZJEcfYndiSTnvNf1n7Y=",
            "code_signing_config_arn": "",
            "dead_letter_config": [],
            "description": "",
            "environment": [
              {
                "variables": {
                  "COGNITO_CLIENT_ID": "7nilk1q7pj4k2adn54ocjhkg0u",
                  "COGNITO_DOMAIN": "factutable-auth",
                  "COGNITO_REDIRECT_URI": "https://f5o8rmaoa4.execute-api.us-east-1.amazonaws.com/prod/auth/callback",
                  "COGNITO_USER_POOL_ID": "us-east-1_5M9YXKeOe",
                  "UPLOAD_BUCKET": "factu-table-facturas-1ebd77"
                }
              }
            ],
            "ephemeral_storage": [
              {
                "size": 512
              }
            ],
            "file_system_config": [],
            "filename": "builds/fab132d1ba8b4e915a30fa3e928af2990f19c8e2d214a95091bf292d855c8916.zip",
            "function_name": "presigned-url-generator",
            "handler": "main.handler",
            "id": "presigned-url-generator",
            "image_config": [],
            "image_uri": "",
            "invoke_arn": "arn:aws:apigateway:us-east-1:lambda:path/2015-03-31/functions/arn:aws:lambda:us-east-1:710563351963:function:presigned-url-generator/invocations",
            "kms_key_arn": "",
            "last_modified": "2025-10-23T01:36:19.000+0000",
            "layers": [
              "arn:aws:lambda:us-east-1:710563351963:layer:python-dependencies:3"
            ],
            "logging_config": [
              {
                "application_log_level": "",
                "log_format": "Text",
                "log_group": "/aws/lambda/presigned-url-generator",
                "system_log_level": ""
              }
            ],
            "memory_size": 128,
            "package_type": "Zip",
            "publish": false,
            "qualified_arn": "arn:aws:lambda:us-east-1:710563351963:function:presigned-url-generator:$LATEST",
            "qualified_invoke_arn": "arn:aws:apigateway:us-east-1:lambda:path/2015-03-31/functions/arn:aws:lambda:us-east-1:710563351963:function:presigned-url-generator:$LATEST/invocations",
            "region": "us-east-1",
            "replace_security_groups_on_destroy": null,
            "replacement_security_group_ids": null,
            "reserved_concurrent_executions": -1,
            "role": "arn:aws:iam::710563351963:role/LabRole",
            "runtime": "python3.13",
            "s3_bucket": null,
            "s3_key": null,
            "s3_object_version": null,
            "signing_job_arn": "",
            "signing_profile_version_arn": "",
            "skip_destroy": false,
            "snap_start": [],
            "source_code_hash": "hcvzsEPJHZhqTdgjORL+Yu17ZJEcfYndiSTnvNf1n7Y=",
            "source_code_size": 382,
            "source_kms_key_arn": "",
            "tags": {
              "Environment": "production",
              "Project": "FactuTable",
              "terraform-aws-modules": "lambda"
            },
            "tags_all": {
              "Environment": "production",
              "Project": "FactuTable",
              "terraform-aws-modules": "lambda"
            },
            "timeout": 3,
            "timeouts": null,
            "tracing_config": [
              {
                "mode": "PassThrough"
              }
            ],
            "version": "$LATEST",
            "vpc_config": []
          },
          "sensitive_attributes": [],
          "identity_schema_version": 0,
          "identity": {
            "account_id": "710563351963",
            "function_name": "presigned-url-generator",
            "region": "us-east-1"
          },
          "private": "eyJlMmJmYjczMC1lY2FhLTExZTYtOGY4OC0zNDM2M2JjN2M0YzAiOnsiY3JlYXRlIjo2MDAwMDAwMDAwMDAsImRlbGV0ZSI6NjAwMDAwMDAwMDAwLCJ1cGRhdGUiOjYwMDAwMDAwMDAwMH19",
          "dependencies": [
            "aws_cognito_user_pool.user_pool",
            "aws_cognito_user_pool_client.app_client",
            "aws_cognito_user_pool_domain.user_pool_domain",
            "aws_lambda_layer_version.python_dependencies",
            "data.aws_iam_role.academy_role",
            "module.ddb_invoice_jobs.aws_dynamodb_table.autoscaled",
            "module.ddb_invoice_jobs.aws_dynamodb_table.autoscaled_gsi_ignore",
            "module.ddb_invoice_jobs.aws_dynamodb_table.this",
            "module.http_api.aws_apigatewayv2_api.this",
            "module.lambdas.aws_cloudwatch_log_group.lambda",
            "module.lambdas.aws_iam_role.lambda",
            "module.lambdas.aws_iam_role_policy.additional_inline",
            "module.lambdas.aws_iam_role_policy.additional_json",
            "module.lambdas.aws_iam_role_policy.additional_jsons",
            "module.lambdas.aws_iam_role_policy.async",
            "module.lambdas.aws_iam_role_policy.dead_letter",
            "module.lambdas.aws_iam_role_policy.logs",
            "module.lambdas.aws_iam_role_policy.tracing",
            "module.lambdas.aws_iam_role_policy.vpc",
            "module.lambdas.aws_iam_role_policy_attachment.additional_many",
            "module.lambdas.aws_iam_role_policy_attachment.additional_one",
            "module.lambdas.aws_s3_object.lambda_package",
            "module.lambdas.data.aws_arn.log_group_arn",
            "module.lambdas.data.aws_cloudwatch_log_group.lambda",
            "module.lambdas.data.aws_iam_policy.tracing",
            "module.lambdas.data.aws_iam_policy.vpc",
            "module.lambdas.data.aws_iam_policy_document.additional_inline",
            "module.lambdas.data.aws_iam_policy_document.assume_role",
            "module.lambdas.data.aws_iam_policy_document.async",
            "module.lambdas.data.aws_iam_policy_document.dead_letter",
            "module.lambdas.data.aws_iam_policy_document.logs",
            "module.lambdas.data.aws_partition.current",
            "module.lambdas.data.external.archive_prepare",
            "module.lambdas.local_file.archive_plan",
            "module.lambdas.null_resource.archive",
            "module.s3_buckets.aws_s3_bucket.this",
            "module.s3_buckets.random_id.suffix"
          ],
          "create_before_destroy": true
        }
      ]
    },
    {
      "module": "module.lambdas[\"presigned-url-generator\"]",
      "mode": "managed",
      "type": "local_file",
      "name": "archive_plan",
      "provider": "provider[\"registry.terraform.io/hashicorp/local\"]",
      "instances": [
        {
          "index_key": 0,
          "schema_version": 0,
          "attributes": {
            "content": "{\"filename\": \"builds/fab132d1ba8b4e915a30fa3e928af2990f19c8e2d214a95091bf292d855c8916.zip\", \"runtime\": \"python3.13\", \"artifacts_dir\": \"builds\", \"build_plan\": [[[\"zip\", \"../src/lambda-presigned-url-generator\", null]]]}",
            "content_base64": null,
            "content_base64sha256": "nrCN+pYnj7jH35hAezAneWES7Rl6O1x1pS8WMQ9hTy4=",
            "content_base64sha512": "6hWMB6KE0TcEUvVqWoeE58fpmWUt42VEMaBrzXbXuI1uKEJBJrrmyR8W33uXBWcSPZQi/rV3c4fypLlf64z5TA==",
            "content_md5": "fb38a8cb6f011be126217d1bf66652ca",
            "content_sha1": "7f69ca2ff1643c64f87f36faf1700ca81b98921f",
            "content_sha256": "9eb08dfa96278fb8c7df98407b3027796112ed197a3b5c75a52f16310f614f2e",
            "content_sha512": "ea158c07a284d1370452f56a5a8784e7c7e999652de3654431a06bcd76d7b88d6e28424126bae6c91f16df7b970567123d9422feb5777387f2a4b95feb8cf94c",
            "directory_permission": "0755",
            "file_permission": "0644",
            "filename": "builds/fab132d1ba8b4e915a30fa3e928af2990f19c8e2d214a95091bf292d855c8916.plan.json",
            "id": "7f69ca2ff1643c64f87f36faf1700ca81b98921f",
            "sensitive_content": null,
            "source": null
          },
          "sensitive_attributes": [
            [
              {
                "type": "get_attr",
                "value": "content"
              }
            ],
            [
              {
                "type": "get_attr",
                "value": "sensitive_content"
              }
            ]
          ],
          "identity_schema_version": 0,
          "dependencies": [
            "module.lambdas.data.external.archive_prepare"
          ],
          "create_before_destroy": true
        }
      ]
    },
    {
      "module": "module.lambdas[\"presigned-url-generator\"]",
      "mode": "managed",
      "type": "null_resource",
      "name": "archive",
      "provider": "provider[\"registry.terraform.io/hashicorp/null\"]",
      "instances": [
        {
          "index_key": 0,
          "schema_version": 0,
          "attributes": {
            "id": "6230884439688422324",
            "triggers": {
              "filename": "builds/fab132d1ba8b4e915a30fa3e928af2990f19c8e2d214a95091bf292d855c8916.zip",
              "timestamp": "1761180631991031000"
            }
          },
          "sensitive_attributes": [],
          "identity_schema_version": 0,
          "dependencies": [
            "module.lambdas.data.external.archive_prepare",
            "module.lambdas.local_file.archive_plan"
          ],
          "create_before_destroy": true
        }
      ]
    },
    {
      "module": "module.lambdas[\"report-generator\"]",
      "mode": "data",
      "type": "aws_caller_identity",
      "name": "current",
      "provider": "provider[\"registry.terraform.io/hashicorp/aws\"]",
      "instances": [
        {
          "schema_version": 0,
          "attributes": {
            "account_id": "710563351963",
            "arn": "arn:aws:sts::710563351963:assumed-role/voclabs/user4337969=pcurti@itba.edu.ar",
            "id": "710563351963",
            "user_id": "AROA2K4HAJWNZZEVEUKMH:user4337969=pcurti@itba.edu.ar"
          },
          "sensitive_attributes": [],
          "identity_schema_version": 0
        }
      ]
    },
    {
      "module": "module.lambdas[\"report-generator\"]",
      "mode": "data",
      "type": "aws_partition",
      "name": "current",
      "provider": "provider[\"registry.terraform.io/hashicorp/aws\"]",
      "instances": [
        {
          "schema_version": 0,
          "attributes": {
            "dns_suffix": "amazonaws.com",
            "id": "aws",
            "partition": "aws",
            "reverse_dns_prefix": "com.amazonaws"
          },
          "sensitive_attributes": [],
          "identity_schema_version": 0
        }
      ]
    },
    {
      "module": "module.lambdas[\"report-generator\"]",
      "mode": "data",
      "type": "aws_region",
      "name": "current",
      "provider": "provider[\"registry.terraform.io/hashicorp/aws\"]",
      "instances": [
        {
          "schema_version": 0,
          "attributes": {
            "description": "US East (N. Virginia)",
            "endpoint": "ec2.us-east-1.amazonaws.com",
            "id": "us-east-1",
            "name": "us-east-1",
            "region": "us-east-1"
          },
          "sensitive_attributes": [],
          "identity_schema_version": 0
        }
      ]
    },
    {
      "module": "module.lambdas[\"report-generator\"]",
      "mode": "data",
      "type": "external",
      "name": "archive_prepare",
      "provider": "provider[\"registry.terraform.io/hashicorp/external\"]",
      "instances": [
        {
          "index_key": 0,
          "schema_version": 0,
          "attributes": {
            "id": "-",
            "program": [
              "python3",
              ".terraform/modules/lambdas/package.py",
              "prepare"
            ],
            "query": {
              "artifacts_dir": "builds",
              "docker": null,
              "hash_extra": "",
              "hash_extra_paths": "[]",
              "paths": "{\"cwd\":\"/home/kerty/projects/cloud-terraform/production\",\"module\":\".terraform/modules/lambdas\",\"root\":\".\"}",
              "recreate_missing_package": "true",
              "runtime": "python3.13",
              "source_path": "\"../src/lambda-report-generator\""
            },
            "result": {
              "build_plan": "{\"filename\": \"builds/904fc4e129b16238dc0722c5565bc060bc8b10f2678feb0e73d21f0035447dce.zip\", \"runtime\": \"python3.13\", \"artifacts_dir\": \"builds\", \"build_plan\": [[[\"zip\", \"../src/lambda-report-generator\", null]]]}",
              "build_plan_filename": "builds/904fc4e129b16238dc0722c5565bc060bc8b10f2678feb0e73d21f0035447dce.plan.json",
              "filename": "builds/904fc4e129b16238dc0722c5565bc060bc8b10f2678feb0e73d21f0035447dce.zip",
              "timestamp": "1761180632160794000",
              "was_missing": "false"
            },
            "working_dir": null
          },
          "sensitive_attributes": [],
          "identity_schema_version": 0
        }
      ]
    },
    {
      "module": "module.lambdas[\"report-generator\"]",
      "mode": "managed",
      "type": "aws_cloudwatch_log_group",
      "name": "lambda",
      "provider": "provider[\"registry.terraform.io/hashicorp/aws\"]",
      "instances": [
        {
          "index_key": 0,
          "schema_version": 0,
          "attributes": {
            "arn": "arn:aws:logs:us-east-1:710563351963:log-group:/aws/lambda/report-generator",
            "id": "/aws/lambda/report-generator",
            "kms_key_id": "",
            "log_group_class": "STANDARD",
            "name": "/aws/lambda/report-generator",
            "name_prefix": "",
            "region": "us-east-1",
            "retention_in_days": 0,
            "skip_destroy": false,
            "tags": {
              "Environment": "production",
              "Project": "FactuTable"
            },
            "tags_all": {
              "Environment": "production",
              "Project": "FactuTable"
            }
          },
          "sensitive_attributes": [],
          "identity_schema_version": 0,
          "identity": {
            "account_id": "710563351963",
            "name": "/aws/lambda/report-generator",
            "region": "us-east-1"
          },
          "private": "bnVsbA==",
          "create_before_destroy": true
        }
      ]
    },
    {
      "module": "module.lambdas[\"report-generator\"]",
      "mode": "managed",
      "type": "aws_lambda_function",
      "name": "this",
      "provider": "provider[\"registry.terraform.io/hashicorp/aws\"]",
      "instances": [
        {
          "index_key": 0,
          "schema_version": 0,
          "attributes": {
            "architectures": [
              "x86_64"
            ],
            "arn": "arn:aws:lambda:us-east-1:710563351963:function:report-generator",
            "code_sha256": "OXwIeI9u9BEkNgE2EjPCcFtH1UO5Ic6C4gPeEVGWYdE=",
            "code_signing_config_arn": "",
            "dead_letter_config": [],
            "description": "",
            "environment": [
              {
                "variables": {
                  "COGNITO_CLIENT_ID": "7nilk1q7pj4k2adn54ocjhkg0u",
                  "COGNITO_DOMAIN": "factutable-auth",
                  "COGNITO_REDIRECT_URI": "https://f5o8rmaoa4.execute-api.us-east-1.amazonaws.com/prod/auth/callback",
                  "COGNITO_USER_POOL_ID": "us-east-1_5M9YXKeOe",
                  "UPLOAD_BUCKET": "factu-table-facturas-1ebd77"
                }
              }
            ],
            "ephemeral_storage": [
              {
                "size": 512
              }
            ],
            "file_system_config": [],
            "filename": "builds/904fc4e129b16238dc0722c5565bc060bc8b10f2678feb0e73d21f0035447dce.zip",
            "function_name": "report-generator",
            "handler": "main.handler",
            "id": "report-generator",
            "image_config": [],
            "image_uri": "",
            "invoke_arn": "arn:aws:apigateway:us-east-1:lambda:path/2015-03-31/functions/arn:aws:lambda:us-east-1:710563351963:function:report-generator/invocations",
            "kms_key_arn": "",
            "last_modified": "2025-10-23T00:51:10.000+0000",
            "layers": [
              "arn:aws:lambda:us-east-1:710563351963:layer:python-dependencies:3"
            ],
            "logging_config": [
              {
                "application_log_level": "",
                "log_format": "Text",
                "log_group": "/aws/lambda/report-generator",
                "system_log_level": ""
              }
            ],
            "memory_size": 128,
            "package_type": "Zip",
            "publish": false,
            "qualified_arn": "arn:aws:lambda:us-east-1:710563351963:function:report-generator:$LATEST",
            "qualified_invoke_arn": "arn:aws:apigateway:us-east-1:lambda:path/2015-03-31/functions/arn:aws:lambda:us-east-1:710563351963:function:report-generator:$LATEST/invocations",
            "region": "us-east-1",
            "replace_security_groups_on_destroy": null,
            "replacement_security_group_ids": null,
            "reserved_concurrent_executions": -1,
            "role": "arn:aws:iam::710563351963:role/LabRole",
            "runtime": "python3.13",
            "s3_bucket": null,
            "s3_key": null,
            "s3_object_version": null,
            "signing_job_arn": "",
            "signing_profile_version_arn": "",
            "skip_destroy": false,
            "snap_start": [],
            "source_code_hash": "OXwIeI9u9BEkNgE2EjPCcFtH1UO5Ic6C4gPeEVGWYdE=",
            "source_code_size": 264,
            "source_kms_key_arn": "",
            "tags": {
              "Environment": "production",
              "Project": "FactuTable",
              "terraform-aws-modules": "lambda"
            },
            "tags_all": {
              "Environment": "production",
              "Project": "FactuTable",
              "terraform-aws-modules": "lambda"
            },
            "timeout": 3,
            "timeouts": null,
            "tracing_config": [
              {
                "mode": "PassThrough"
              }
            ],
            "version": "$LATEST",
            "vpc_config": []
          },
          "sensitive_attributes": [],
          "identity_schema_version": 0,
          "identity": {
            "account_id": "710563351963",
            "function_name": "report-generator",
            "region": "us-east-1"
          },
          "private": "eyJlMmJmYjczMC1lY2FhLTExZTYtOGY4OC0zNDM2M2JjN2M0YzAiOnsiY3JlYXRlIjo2MDAwMDAwMDAwMDAsImRlbGV0ZSI6NjAwMDAwMDAwMDAwLCJ1cGRhdGUiOjYwMDAwMDAwMDAwMH19",
          "dependencies": [
            "aws_cognito_user_pool.user_pool",
            "aws_cognito_user_pool_client.app_client",
            "aws_cognito_user_pool_domain.user_pool_domain",
            "aws_lambda_layer_version.python_dependencies",
            "data.aws_iam_role.academy_role",
            "module.ddb_invoice_jobs.aws_dynamodb_table.autoscaled",
            "module.ddb_invoice_jobs.aws_dynamodb_table.autoscaled_gsi_ignore",
            "module.ddb_invoice_jobs.aws_dynamodb_table.this",
            "module.http_api.aws_apigatewayv2_api.this",
            "module.lambdas.aws_cloudwatch_log_group.lambda",
            "module.lambdas.aws_iam_role.lambda",
            "module.lambdas.aws_iam_role_policy.additional_inline",
            "module.lambdas.aws_iam_role_policy.additional_json",
            "module.lambdas.aws_iam_role_policy.additional_jsons",
            "module.lambdas.aws_iam_role_policy.async",
            "module.lambdas.aws_iam_role_policy.dead_letter",
            "module.lambdas.aws_iam_role_policy.logs",
            "module.lambdas.aws_iam_role_policy.tracing",
            "module.lambdas.aws_iam_role_policy.vpc",
            "module.lambdas.aws_iam_role_policy_attachment.additional_many",
            "module.lambdas.aws_iam_role_policy_attachment.additional_one",
            "module.lambdas.aws_s3_object.lambda_package",
            "module.lambdas.data.aws_arn.log_group_arn",
            "module.lambdas.data.aws_cloudwatch_log_group.lambda",
            "module.lambdas.data.aws_iam_policy.tracing",
            "module.lambdas.data.aws_iam_policy.vpc",
            "module.lambdas.data.aws_iam_policy_document.additional_inline",
            "module.lambdas.data.aws_iam_policy_document.assume_role",
            "module.lambdas.data.aws_iam_policy_document.async",
            "module.lambdas.data.aws_iam_policy_document.dead_letter",
            "module.lambdas.data.aws_iam_policy_document.logs",
            "module.lambdas.data.aws_partition.current",
            "module.lambdas.data.external.archive_prepare",
            "module.lambdas.local_file.archive_plan",
            "module.lambdas.null_resource.archive",
            "module.s3_buckets.aws_s3_bucket.this",
            "module.s3_buckets.random_id.suffix"
          ],
          "create_before_destroy": true
        }
      ]
    },
    {
      "module": "module.lambdas[\"report-generator\"]",
      "mode": "managed",
      "type": "local_file",
      "name": "archive_plan",
      "provider": "provider[\"registry.terraform.io/hashicorp/local\"]",
      "instances": [
        {
          "index_key": 0,
          "schema_version": 0,
          "attributes": {
            "content": "{\"filename\": \"builds/904fc4e129b16238dc0722c5565bc060bc8b10f2678feb0e73d21f0035447dce.zip\", \"runtime\": \"python3.13\", \"artifacts_dir\": \"builds\", \"build_plan\": [[[\"zip\", \"../src/lambda-report-generator\", null]]]}",
            "content_base64": null,
            "content_base64sha256": "imRMRBXDiV5BjhadepncdUcGSA+XtRTdUtEYXEI9PuQ=",
            "content_base64sha512": "PhtmJGwJjkiuk3b8dBYZWuB27cSJ5NlTjX6/67itiVjJW4UJqqMJtHMqPzBL+Cow3C1UzQDPsQvBqcprjnacOw==",
            "content_md5": "82a9b15d317db8bcf0804d950cd243e1",
            "content_sha1": "a983bda6a95d6fed3c167680accf8fb4cd7860ad",
            "content_sha256": "8a644c4415c3895e418e169d7a99dc754706480f97b514dd52d1185c423d3ee4",
            "content_sha512": "3e1b66246c098e48ae9376fc7416195ae076edc489e4d9538d7ebfebb8ad8958c95b8509aaa309b4732a3f304bf82a30dc2d54cd00cfb10bc1a9ca6b8e769c3b",
            "directory_permission": "0755",
            "file_permission": "0644",
            "filename": "builds/904fc4e129b16238dc0722c5565bc060bc8b10f2678feb0e73d21f0035447dce.plan.json",
            "id": "a983bda6a95d6fed3c167680accf8fb4cd7860ad",
            "sensitive_content": null,
            "source": null
          },
          "sensitive_attributes": [
            [
              {
                "type": "get_attr",
                "value": "content"
              }
            ],
            [
              {
                "type": "get_attr",
                "value": "sensitive_content"
              }
            ]
          ],
          "identity_schema_version": 0,
          "dependencies": [
            "module.lambdas.data.external.archive_prepare"
          ],
          "create_before_destroy": true
        }
      ]
    },
    {
      "module": "module.lambdas[\"report-generator\"]",
      "mode": "managed",
      "type": "null_resource",
      "name": "archive",
      "provider": "provider[\"registry.terraform.io/hashicorp/null\"]",
      "instances": [
        {
          "index_key": 0,
          "schema_version": 0,
          "attributes": {
            "id": "7097286791147566434",
            "triggers": {
              "filename": "builds/904fc4e129b16238dc0722c5565bc060bc8b10f2678feb0e73d21f0035447dce.zip",
              "timestamp": "1761180632160794000"
            }
          },
          "sensitive_attributes": [],
          "identity_schema_version": 0,
          "dependencies": [
            "module.lambdas.data.external.archive_prepare",
            "module.lambdas.local_file.archive_plan"
          ],
          "create_before_destroy": true
        }
      ]
    },
    {
      "module": "module.s3_buckets[\"facturas\"]",
      "mode": "managed",
      "type": "aws_s3_bucket",
      "name": "this",
      "provider": "provider[\"registry.terraform.io/hashicorp/aws\"]",
      "instances": [
        {
          "schema_version": 0,
          "attributes": {
            "acceleration_status": "",
            "acl": null,
            "arn": "arn:aws:s3:::factu-table-facturas-1ebd77",
            "bucket": "factu-table-facturas-1ebd77",
            "bucket_domain_name": "factu-table-facturas-1ebd77.s3.amazonaws.com",
            "bucket_prefix": "",
            "bucket_region": "us-east-1",
            "bucket_regional_domain_name": "factu-table-facturas-1ebd77.s3.us-east-1.amazonaws.com",
            "cors_rule": [
              {
                "allowed_headers": [
                  "*"
                ],
                "allowed_methods": [
                  "GET",
                  "PUT",
                  "POST"
                ],
                "allowed_origins": [
                  "*"
                ],
                "expose_headers": [],
                "max_age_seconds": 3000
              }
            ],
            "force_destroy": false,
            "grant": [
              {
                "id": "0d657be60e742828381d52f761ad61d14de5e23ea8f731dca23cb0f49f95d053",
                "permissions": [
                  "FULL_CONTROL"
                ],
                "type": "CanonicalUser",
                "uri": ""
              }
            ],
            "hosted_zone_id": "Z3AQBSTGFYJSTF",
            "id": "factu-table-facturas-1ebd77",
            "lifecycle_rule": [],
            "logging": [],
            "object_lock_configuration": [],
            "object_lock_enabled": false,
            "policy": "",
            "region": "us-east-1",
            "replication_configuration": [],
            "request_payer": "BucketOwner",
            "server_side_encryption_configuration": [
              {
                "rule": [
                  {
                    "apply_server_side_encryption_by_default": [
                      {
                        "kms_master_key_id": "",
                        "sse_algorithm": "AES256"
                      }
                    ],
                    "bucket_key_enabled": false
                  }
                ]
              }
            ],
            "tags": {
              "Environment": "production",
              "Name": "factu-table-facturas",
              "Project": "FactuTable",
              "content": "facturas"
            },
            "tags_all": {
              "Environment": "production",
              "Name": "factu-table-facturas",
              "Project": "FactuTable",
              "content": "facturas"
            },
            "timeouts": null,
            "versioning": [
              {
                "enabled": true,
                "mfa_delete": false
              }
            ],
            "website": [],
            "website_domain": null,
            "website_endpoint": null
          },
          "sensitive_attributes": [],
          "identity_schema_version": 0,
          "identity": {
            "account_id": "710563351963",
            "bucket": "factu-table-facturas-1ebd77",
            "region": "us-east-1"
          },
          "private": "eyJlMmJmYjczMC1lY2FhLTExZTYtOGY4OC0zNDM2M2JjN2M0YzAiOnsiY3JlYXRlIjoxMjAwMDAwMDAwMDAwLCJkZWxldGUiOjM2MDAwMDAwMDAwMDAsInJlYWQiOjEyMDAwMDAwMDAwMDAsInVwZGF0ZSI6MTIwMDAwMDAwMDAwMH19",
          "dependencies": [
            "module.s3_buckets.random_id.suffix"
          ],
          "create_before_destroy": true
        }
      ]
    },
    {
      "module": "module.s3_buckets[\"facturas\"]",
      "mode": "managed",
      "type": "aws_s3_bucket_public_access_block",
      "name": "this",
      "provider": "provider[\"registry.terraform.io/hashicorp/aws\"]",
      "instances": [
        {
          "schema_version": 0,
          "attributes": {
            "block_public_acls": true,
            "block_public_policy": true,
            "bucket": "factu-table-facturas-1ebd77",
            "id": "factu-table-facturas-1ebd77",
            "ignore_public_acls": true,
            "region": "us-east-1",
            "restrict_public_buckets": true,
            "skip_destroy": null
          },
          "sensitive_attributes": [],
          "identity_schema_version": 0,
          "identity": {
            "account_id": "710563351963",
            "bucket": "factu-table-facturas-1ebd77",
            "region": "us-east-1"
          },
          "private": "bnVsbA==",
          "dependencies": [
            "module.s3_buckets.aws_s3_bucket.this",
            "module.s3_buckets.random_id.suffix"
          ]
        }
      ]
    },
    {
      "module": "module.s3_buckets[\"facturas\"]",
      "mode": "managed",
      "type": "aws_s3_bucket_versioning",
      "name": "this",
      "provider": "provider[\"registry.terraform.io/hashicorp/aws\"]",
      "instances": [
        {
          "index_key": 0,
          "schema_version": 0,
          "attributes": {
            "bucket": "factu-table-facturas-1ebd77",
            "expected_bucket_owner": "",
            "id": "factu-table-facturas-1ebd77",
            "mfa": null,
            "region": "us-east-1",
            "versioning_configuration": [
              {
                "mfa_delete": "",
                "status": "Enabled"
              }
            ]
          },
          "sensitive_attributes": [],
          "identity_schema_version": 0,
          "identity": {
            "account_id": "710563351963",
            "bucket": "factu-table-facturas-1ebd77",
            "expected_bucket_owner": null,
            "region": "us-east-1"
          },
          "private": "bnVsbA==",
          "dependencies": [
            "module.s3_buckets.aws_s3_bucket.this",
            "module.s3_buckets.random_id.suffix"
          ]
        }
      ]
    },
    {
      "module": "module.s3_buckets[\"facturas\"]",
      "mode": "managed",
      "type": "random_id",
      "name": "suffix",
      "provider": "provider[\"registry.terraform.io/hashicorp/random\"]",
      "instances": [
        {
          "schema_version": 0,
          "attributes": {
            "b64_std": "Hr13",
            "b64_url": "Hr13",
            "byte_length": 3,
            "dec": "2014583",
            "hex": "1ebd77",
            "id": "Hr13",
            "keepers": null,
            "prefix": null
          },
          "sensitive_attributes": [],
          "identity_schema_version": 0,
          "create_before_destroy": true
        }
      ]
    },
    {
      "module": "module.s3_buckets[\"spa\"]",
      "mode": "managed",
      "type": "aws_s3_bucket",
      "name": "this",
      "provider": "provider[\"registry.terraform.io/hashicorp/aws\"]",
      "instances": [
        {
          "schema_version": 0,
          "attributes": {
            "acceleration_status": "",
            "acl": null,
            "arn": "arn:aws:s3:::factu-table-spa-790909",
            "bucket": "factu-table-spa-790909",
            "bucket_domain_name": "factu-table-spa-790909.s3.amazonaws.com",
            "bucket_prefix": "",
            "bucket_region": "us-east-1",
            "bucket_regional_domain_name": "factu-table-spa-790909.s3.us-east-1.amazonaws.com",
            "cors_rule": [
              {
                "allowed_headers": [
                  "*"
                ],
                "allowed_methods": [
                  "GET",
                  "PUT",
                  "POST"
                ],
                "allowed_origins": [
                  "*"
                ],
                "expose_headers": [],
                "max_age_seconds": 3000
              }
            ],
            "force_destroy": false,
            "grant": [
              {
                "id": "0d657be60e742828381d52f761ad61d14de5e23ea8f731dca23cb0f49f95d053",
                "permissions": [
                  "FULL_CONTROL"
                ],
                "type": "CanonicalUser",
                "uri": ""
              }
            ],
            "hosted_zone_id": "Z3AQBSTGFYJSTF",
            "id": "factu-table-spa-790909",
            "lifecycle_rule": [],
            "logging": [],
            "object_lock_configuration": [],
            "object_lock_enabled": false,
            "policy": "{\"Statement\":[{\"Action\":\"s3:GetObject\",\"Effect\":\"Allow\",\"Principal\":\"*\",\"Resource\":\"arn:aws:s3:::factu-table-spa-790909/*\"}],\"Version\":\"2012-10-17\"}",
            "region": "us-east-1",
            "replication_configuration": [],
            "request_payer": "BucketOwner",
            "server_side_encryption_configuration": [
              {
                "rule": [
                  {
                    "apply_server_side_encryption_by_default": [
                      {
                        "kms_master_key_id": "",
                        "sse_algorithm": "AES256"
                      }
                    ],
                    "bucket_key_enabled": false
                  }
                ]
              }
            ],
            "tags": {
              "Environment": "production",
              "Name": "factu-table-spa",
              "Project": "FactuTable",
              "content": "spa"
            },
            "tags_all": {
              "Environment": "production",
              "Name": "factu-table-spa",
              "Project": "FactuTable",
              "content": "spa"
            },
            "timeouts": null,
            "versioning": [
              {
                "enabled": false,
                "mfa_delete": false
              }
            ],
            "website": [
              {
                "error_document": "error.html",
                "index_document": "index.html",
                "redirect_all_requests_to": "",
                "routing_rules": ""
              }
            ],
            "website_domain": "s3-website-us-east-1.amazonaws.com",
            "website_endpoint": "factu-table-spa-790909.s3-website-us-east-1.amazonaws.com"
          },
          "sensitive_attributes": [],
          "identity_schema_version": 0,
          "identity": {
            "account_id": "710563351963",
            "bucket": "factu-table-spa-790909",
            "region": "us-east-1"
          },
          "private": "eyJlMmJmYjczMC1lY2FhLTExZTYtOGY4OC0zNDM2M2JjN2M0YzAiOnsiY3JlYXRlIjoxMjAwMDAwMDAwMDAwLCJkZWxldGUiOjM2MDAwMDAwMDAwMDAsInJlYWQiOjEyMDAwMDAwMDAwMDAsInVwZGF0ZSI6MTIwMDAwMDAwMDAwMH19",
          "dependencies": [
            "module.s3_buckets.random_id.suffix"
          ],
          "create_before_destroy": true
        }
      ]
    },
    {
      "module": "module.s3_buckets[\"spa\"]",
      "mode": "managed",
      "type": "aws_s3_bucket_policy",
      "name": "this",
      "provider": "provider[\"registry.terraform.io/hashicorp/aws\"]",
      "instances": [
        {
          "index_key": 0,
          "schema_version": 0,
          "attributes": {
            "bucket": "factu-table-spa-790909",
            "id": "factu-table-spa-790909",
            "policy": "{\"Statement\":[{\"Action\":\"s3:GetObject\",\"Effect\":\"Allow\",\"Principal\":\"*\",\"Resource\":\"arn:aws:s3:::factu-table-spa-790909/*\"}],\"Version\":\"2012-10-17\"}",
            "region": "us-east-1"
          },
          "sensitive_attributes": [],
          "identity_schema_version": 0,
          "identity": {
            "account_id": "710563351963",
            "bucket": "factu-table-spa-790909",
            "region": "us-east-1"
          },
          "private": "bnVsbA==",
          "dependencies": [
            "module.s3_buckets.aws_s3_bucket.this",
            "module.s3_buckets.aws_s3_bucket_public_access_block.this",
            "module.s3_buckets.random_id.suffix"
          ]
        }
      ]
    },
    {
      "module": "module.s3_buckets[\"spa\"]",
      "mode": "managed",
      "type": "aws_s3_bucket_public_access_block",
      "name": "this",
      "provider": "provider[\"registry.terraform.io/hashicorp/aws\"]",
      "instances": [
        {
          "schema_version": 0,
          "attributes": {
            "block_public_acls": false,
            "block_public_policy": false,
            "bucket": "factu-table-spa-790909",
            "id": "factu-table-spa-790909",
            "ignore_public_acls": false,
            "region": "us-east-1",
            "restrict_public_buckets": false,
            "skip_destroy": null
          },
          "sensitive_attributes": [],
          "identity_schema_version": 0,
          "identity": {
            "account_id": "710563351963",
            "bucket": "factu-table-spa-790909",
            "region": "us-east-1"
          },
          "private": "bnVsbA==",
          "dependencies": [
            "module.s3_buckets.aws_s3_bucket.this",
            "module.s3_buckets.random_id.suffix"
          ]
        }
      ]
    },
    {
      "module": "module.s3_buckets[\"spa\"]",
      "mode": "managed",
      "type": "aws_s3_bucket_website_configuration",
      "name": "this",
      "provider": "provider[\"registry.terraform.io/hashicorp/aws\"]",
      "instances": [
        {
          "index_key": 0,
          "schema_version": 0,
          "attributes": {
            "bucket": "factu-table-spa-790909",
            "error_document": [
              {
                "key": "error.html"
              }
            ],
            "expected_bucket_owner": "",
            "id": "factu-table-spa-790909",
            "index_document": [
              {
                "suffix": "index.html"
              }
            ],
            "redirect_all_requests_to": [],
            "region": "us-east-1",
            "routing_rule": [],
            "routing_rules": "",
            "website_domain": "s3-website-us-east-1.amazonaws.com",
            "website_endpoint": "factu-table-spa-790909.s3-website-us-east-1.amazonaws.com"
          },
          "sensitive_attributes": [],
          "identity_schema_version": 0,
          "identity": {
            "account_id": "710563351963",
            "bucket": "factu-table-spa-790909",
            "expected_bucket_owner": null,
            "region": "us-east-1"
          },
          "private": "bnVsbA==",
          "dependencies": [
            "module.s3_buckets.aws_s3_bucket.this",
            "module.s3_buckets.random_id.suffix"
          ]
        }
      ]
    },
    {
      "module": "module.s3_buckets[\"spa\"]",
      "mode": "managed",
      "type": "random_id",
      "name": "suffix",
      "provider": "provider[\"registry.terraform.io/hashicorp/random\"]",
      "instances": [
        {
          "schema_version": 0,
          "attributes": {
            "b64_std": "eQkJ",
            "b64_url": "eQkJ",
            "byte_length": 3,
            "dec": "7932169",
            "hex": "790909",
            "id": "eQkJ",
            "keepers": null,
            "prefix": null
          },
          "sensitive_attributes": [],
          "identity_schema_version": 0,
          "create_before_destroy": true
        }
      ]
    }
  ],
  "check_results": [
    {
      "object_kind": "resource",
      "config_addr": "module.s3_buckets.aws_s3_bucket.this",
      "status": "pass",
      "objects": [
        {
          "object_addr": "module.s3_buckets[\"facturas\"].aws_s3_bucket.this",
          "status": "pass"
        },
        {
          "object_addr": "module.s3_buckets[\"spa\"].aws_s3_bucket.this",
          "status": "pass"
        }
      ]
    },
    {
      "object_kind": "var",
      "config_addr": "module.s3_buckets.var.bucket_name",
      "status": "pass",
      "objects": [
        {
          "object_addr": "module.s3_buckets[\"facturas\"].var.bucket_name",
          "status": "pass"
        },
        {
          "object_addr": "module.s3_buckets[\"spa\"].var.bucket_name",
          "status": "pass"
        }
      ]
    },
    {
      "object_kind": "var",
      "config_addr": "module.http_api.module.acm.var.validation_method",
      "status": "pass",
      "objects": [
        {
          "object_addr": "module.http_api.module.acm.var.validation_method",
          "status": "pass"
        }
      ]
    }
  ]
}
